// !$*UTF8*$!
{
	archiveVersion = 1;
	classes = {
	};
	objectVersion = 46;
	objects = {

/* Begin PBXBuildFile section */
		AC04F1F51BDFD67B00A6592B /* libz.tbd in Frameworks */ = {isa = PBXBuildFile; fileRef = AC04F1F41BDFD67B00A6592B /* libz.tbd */; };
		AC04F24A1BDFD91D00A6592B /* APNGKit.framework in Frameworks */ = {isa = PBXBuildFile; fileRef = AC04F2411BDFD90C00A6592B /* APNGKit.framework */; };
		AC04F24B1BDFD91D00A6592B /* APNGKit.framework in Embed Frameworks */ = {isa = PBXBuildFile; fileRef = AC04F2411BDFD90C00A6592B /* APNGKit.framework */; settings = {ATTRIBUTES = (CodeSignOnCopy, RemoveHeadersOnCopy, ); }; };
		AC04F2521BDFDF8400A6592B /* animated2.apng in Resources */ = {isa = PBXBuildFile; fileRef = AC04F2511BDFDF8400A6592B /* animated2.apng */; settings = {ASSET_TAGS = (); }; };
		AC09F7331BDC3C180078ED34 /* Actor.swift in Sources */ = {isa = PBXBuildFile; fileRef = AC09F7321BDC3C180078ED34 /* Actor.swift */; settings = {ASSET_TAGS = (); }; };
		AC20A0D71BD922670083E0B3 /* HowToItemController.swift in Sources */ = {isa = PBXBuildFile; fileRef = AC20A0D61BD922670083E0B3 /* HowToItemController.swift */; settings = {ASSET_TAGS = (); }; };
		AC20A0D91BD922930083E0B3 /* HowToViewController.swift in Sources */ = {isa = PBXBuildFile; fileRef = AC20A0D81BD922930083E0B3 /* HowToViewController.swift */; settings = {ASSET_TAGS = (); }; };
		AC20A11D1BD965520083E0B3 /* Alamofire.framework in Frameworks */ = {isa = PBXBuildFile; fileRef = AC20A1081BD964C40083E0B3 /* Alamofire.framework */; };
		AC20A11E1BD965520083E0B3 /* Alamofire.framework in Embed Frameworks */ = {isa = PBXBuildFile; fileRef = AC20A1081BD964C40083E0B3 /* Alamofire.framework */; settings = {ATTRIBUTES = (CodeSignOnCopy, RemoveHeadersOnCopy, ); }; };
		AC20A1771BD969710083E0B3 /* AlamofireObjectMapper.framework in Frameworks */ = {isa = PBXBuildFile; fileRef = AC20A16C1BD9680D0083E0B3 /* AlamofireObjectMapper.framework */; };
		AC20A1781BD969710083E0B3 /* AlamofireObjectMapper.framework in Embed Frameworks */ = {isa = PBXBuildFile; fileRef = AC20A16C1BD9680D0083E0B3 /* AlamofireObjectMapper.framework */; settings = {ATTRIBUTES = (CodeSignOnCopy, RemoveHeadersOnCopy, ); }; };
		AC20A1A61BD96B4D0083E0B3 /* Bond.framework in Frameworks */ = {isa = PBXBuildFile; fileRef = AC20A1841BD96AA50083E0B3 /* Bond.framework */; };
		AC20A1A71BD96B4D0083E0B3 /* Bond.framework in Embed Frameworks */ = {isa = PBXBuildFile; fileRef = AC20A1841BD96AA50083E0B3 /* Bond.framework */; settings = {ATTRIBUTES = (CodeSignOnCopy, RemoveHeadersOnCopy, ); }; };
		AC20A1AA1BD96B540083E0B3 /* ObjectMapper.framework in Frameworks */ = {isa = PBXBuildFile; fileRef = AC20A1991BD96AF50083E0B3 /* ObjectMapper.framework */; };
		AC20A1AB1BD96B540083E0B3 /* ObjectMapper.framework in Embed Frameworks */ = {isa = PBXBuildFile; fileRef = AC20A1991BD96AF50083E0B3 /* ObjectMapper.framework */; settings = {ATTRIBUTES = (CodeSignOnCopy, RemoveHeadersOnCopy, ); }; };
		AC45697C1BDE61E800A69E99 /* NewDuelViewController.swift in Sources */ = {isa = PBXBuildFile; fileRef = AC45697B1BDE61E800A69E99 /* NewDuelViewController.swift */; settings = {ASSET_TAGS = (); }; };
		AC45698C1BDE7C6900A69E99 /* DuelViewController.swift in Sources */ = {isa = PBXBuildFile; fileRef = AC45698B1BDE7C6900A69E99 /* DuelViewController.swift */; settings = {ASSET_TAGS = (); }; };
		AC4F78CE1BE3704000496AAB /* GestureManager.swift in Sources */ = {isa = PBXBuildFile; fileRef = AC4F78CD1BE3704000496AAB /* GestureManager.swift */; settings = {ASSET_TAGS = (); }; };
		AC53E9721BDAA5FC004BA6AD /* UsersTableViewController.swift in Sources */ = {isa = PBXBuildFile; fileRef = AC53E9711BDAA5FC004BA6AD /* UsersTableViewController.swift */; settings = {ASSET_TAGS = (); }; };
		AC53E9741BDAA6E2004BA6AD /* UsersTableViewCell.swift in Sources */ = {isa = PBXBuildFile; fileRef = AC53E9731BDAA6E2004BA6AD /* UsersTableViewCell.swift */; settings = {ASSET_TAGS = (); }; };
		AC6363B91BD67147007206E4 /* CharacterChangeItemController.swift in Sources */ = {isa = PBXBuildFile; fileRef = AC6363B81BD67147007206E4 /* CharacterChangeItemController.swift */; settings = {ASSET_TAGS = (); }; };
		AC6363BC1BD6740F007206E4 /* CharacterChangeViewController.swift in Sources */ = {isa = PBXBuildFile; fileRef = AC6363BB1BD6740F007206E4 /* CharacterChangeViewController.swift */; settings = {ASSET_TAGS = (); }; };
		AC63686F1BB47B89002ED083 /* HeadlineView.swift in Sources */ = {isa = PBXBuildFile; fileRef = AC63686D1BB47B89002ED083 /* HeadlineView.swift */; settings = {ASSET_TAGS = (); }; };
		AC6368701BB47B89002ED083 /* HeadlineView.xib in Resources */ = {isa = PBXBuildFile; fileRef = AC63686E1BB47B89002ED083 /* HeadlineView.xib */; settings = {ASSET_TAGS = (); }; };
		AC651E851BD6A717007B1422 /* Character.swift in Sources */ = {isa = PBXBuildFile; fileRef = AC651E841BD6A717007B1422 /* Character.swift */; settings = {ASSET_TAGS = (); }; };
		AC65405D1BD4E7F7002C2747 /* Spinner.swift in Sources */ = {isa = PBXBuildFile; fileRef = AC65405C1BD4E7F7002C2747 /* Spinner.swift */; settings = {ASSET_TAGS = (); }; };
		AC6540601BD5164E002C2747 /* User.swift in Sources */ = {isa = PBXBuildFile; fileRef = AC65405F1BD5164E002C2747 /* User.swift */; settings = {ASSET_TAGS = (); }; };
		AC6857B31BE2C6980084EA47 /* SensorViewController.swift in Sources */ = {isa = PBXBuildFile; fileRef = AC6857B21BE2C6980084EA47 /* SensorViewController.swift */; settings = {ASSET_TAGS = (); }; };
		AC6FCC051B4DAA7700837119 /* Futura-Extended.ttf in Resources */ = {isa = PBXBuildFile; fileRef = AC84B18C1B4C4F200030B0ED /* Futura-Extended.ttf */; };
		AC84B15D1B4C357E0030B0ED /* AppDelegate.swift in Sources */ = {isa = PBXBuildFile; fileRef = AC84B15C1B4C357E0030B0ED /* AppDelegate.swift */; };
		AC84B1611B4C357E0030B0ED /* ProfileViewController.swift in Sources */ = {isa = PBXBuildFile; fileRef = AC84B1601B4C357E0030B0ED /* ProfileViewController.swift */; };
		AC84B1641B4C357E0030B0ED /* Main.storyboard in Resources */ = {isa = PBXBuildFile; fileRef = AC84B1621B4C357E0030B0ED /* Main.storyboard */; };
		AC84B1661B4C357E0030B0ED /* Images.xcassets in Resources */ = {isa = PBXBuildFile; fileRef = AC84B1651B4C357E0030B0ED /* Images.xcassets */; };
		AC84B1691B4C357E0030B0ED /* LaunchScreen.xib in Resources */ = {isa = PBXBuildFile; fileRef = AC84B1671B4C357E0030B0ED /* LaunchScreen.xib */; };
		AC84B1751B4C357E0030B0ED /* PengTests.swift in Sources */ = {isa = PBXBuildFile; fileRef = AC84B1741B4C357E0030B0ED /* PengTests.swift */; };
		AC84B1921B4C56F90030B0ED /* MainViewController.swift in Sources */ = {isa = PBXBuildFile; fileRef = AC84B1911B4C56F90030B0ED /* MainViewController.swift */; };
		AC9B42661BCEEEBA007B73AA /* SettingsViewController.swift in Sources */ = {isa = PBXBuildFile; fileRef = AC9B42651BCEEEBA007B73AA /* SettingsViewController.swift */; settings = {ASSET_TAGS = (); }; };
		AC9F52E91BD41B5000E73627 /* API.swift in Sources */ = {isa = PBXBuildFile; fileRef = AC9F52E81BD41B5000E73627 /* API.swift */; settings = {ASSET_TAGS = (); }; };
		ACAB65541BD51BA200DAD1E5 /* CurrentUser.swift in Sources */ = {isa = PBXBuildFile; fileRef = ACAB65531BD51BA200DAD1E5 /* CurrentUser.swift */; settings = {ASSET_TAGS = (); }; };
		ACC2F61A1BCE664F004BB101 /* FBSDKCoreKit.framework in Frameworks */ = {isa = PBXBuildFile; fileRef = ACC2F6181BCE664F004BB101 /* FBSDKCoreKit.framework */; settings = {ASSET_TAGS = (); }; };
		ACC2F61B1BCE664F004BB101 /* FBSDKLoginKit.framework in Frameworks */ = {isa = PBXBuildFile; fileRef = ACC2F6191BCE664F004BB101 /* FBSDKLoginKit.framework */; settings = {ASSET_TAGS = (); }; };
		ACC2F61D1BCE682D004BB101 /* LoginViewController.swift in Sources */ = {isa = PBXBuildFile; fileRef = ACC2F61C1BCE682D004BB101 /* LoginViewController.swift */; settings = {ASSET_TAGS = (); }; };
		ACF1555E1BDC1F7700802A55 /* Duel.swift in Sources */ = {isa = PBXBuildFile; fileRef = ACF1555D1BDC1F7700802A55 /* Duel.swift */; settings = {ASSET_TAGS = (); }; };
		ACF155701BDC304400802A55 /* DuelItemViewCell.swift in Sources */ = {isa = PBXBuildFile; fileRef = ACF1556F1BDC304400802A55 /* DuelItemViewCell.swift */; settings = {ASSET_TAGS = (); }; };
/* End PBXBuildFile section */

/* Begin PBXContainerItemProxy section */
		AC04F2401BDFD90C00A6592B /* PBXContainerItemProxy */ = {
			isa = PBXContainerItemProxy;
			containerPortal = AC04F2381BDFD90B00A6592B /* APNGKit.xcodeproj */;
			proxyType = 2;
			remoteGlobalIDString = 4B0D67391B8E9DBF00876BDF;
			remoteInfo = APNGKit;
		};
		AC04F24C1BDFD91D00A6592B /* PBXContainerItemProxy */ = {
			isa = PBXContainerItemProxy;
			containerPortal = AC04F2381BDFD90B00A6592B /* APNGKit.xcodeproj */;
			proxyType = 1;
			remoteGlobalIDString = 4B0D67381B8E9DBF00876BDF;
			remoteInfo = APNGKit;
		};
		AC20A1071BD964C40083E0B3 /* PBXContainerItemProxy */ = {
			isa = PBXContainerItemProxy;
			containerPortal = AC20A0FF1BD964C40083E0B3 /* Alamofire.xcodeproj */;
			proxyType = 2;
			remoteGlobalIDString = F8111E3319A95C8B0040E7D1;
			remoteInfo = "Alamofire iOS";
		};
		AC20A1091BD964C40083E0B3 /* PBXContainerItemProxy */ = {
			isa = PBXContainerItemProxy;
			containerPortal = AC20A0FF1BD964C40083E0B3 /* Alamofire.xcodeproj */;
			proxyType = 2;
			remoteGlobalIDString = 4DD67C0B1A5C55C900ED2280;
			remoteInfo = "Alamofire OSX";
		};
		AC20A10B1BD964C40083E0B3 /* PBXContainerItemProxy */ = {
			isa = PBXContainerItemProxy;
			containerPortal = AC20A0FF1BD964C40083E0B3 /* Alamofire.xcodeproj */;
			proxyType = 2;
			remoteGlobalIDString = E4202FE01B667AA100C997FB;
			remoteInfo = "Alamofire watchOS";
		};
		AC20A10D1BD964C40083E0B3 /* PBXContainerItemProxy */ = {
			isa = PBXContainerItemProxy;
			containerPortal = AC20A0FF1BD964C40083E0B3 /* Alamofire.xcodeproj */;
			proxyType = 2;
			remoteGlobalIDString = F8111E3E19A95C8B0040E7D1;
			remoteInfo = "Alamofire iOS Tests";
		};
		AC20A10F1BD964C40083E0B3 /* PBXContainerItemProxy */ = {
			isa = PBXContainerItemProxy;
			containerPortal = AC20A0FF1BD964C40083E0B3 /* Alamofire.xcodeproj */;
			proxyType = 2;
			remoteGlobalIDString = F829C6B21A7A94F100A2CD59;
			remoteInfo = "Alamofire OSX Tests";
		};
		AC20A11F1BD965520083E0B3 /* PBXContainerItemProxy */ = {
			isa = PBXContainerItemProxy;
			containerPortal = AC20A0FF1BD964C40083E0B3 /* Alamofire.xcodeproj */;
			proxyType = 1;
			remoteGlobalIDString = F8111E3219A95C8B0040E7D1;
			remoteInfo = "Alamofire iOS";
		};
		AC20A16B1BD9680D0083E0B3 /* PBXContainerItemProxy */ = {
			isa = PBXContainerItemProxy;
			containerPortal = AC20A1631BD9680D0083E0B3 /* AlamofireObjectMapper.xcodeproj */;
			proxyType = 2;
			remoteGlobalIDString = 6AB2A0111AF26C36001EBB20;
			remoteInfo = "AlamofireObjectMapper iOS";
		};
		AC20A16D1BD9680D0083E0B3 /* PBXContainerItemProxy */ = {
			isa = PBXContainerItemProxy;
			containerPortal = AC20A1631BD9680D0083E0B3 /* AlamofireObjectMapper.xcodeproj */;
			proxyType = 2;
			remoteGlobalIDString = 6AB2A0851AF27DF1001EBB20;
			remoteInfo = "AlamofireObjectMapper OSX";
		};
		AC20A16F1BD9680D0083E0B3 /* PBXContainerItemProxy */ = {
			isa = PBXContainerItemProxy;
			containerPortal = AC20A1631BD9680D0083E0B3 /* AlamofireObjectMapper.xcodeproj */;
			proxyType = 2;
			remoteGlobalIDString = 6AC4580C1BA34C5600054758;
			remoteInfo = "AlamofireObjectMapper watchOS";
		};
		AC20A1711BD9680D0083E0B3 /* PBXContainerItemProxy */ = {
			isa = PBXContainerItemProxy;
			containerPortal = AC20A1631BD9680D0083E0B3 /* AlamofireObjectMapper.xcodeproj */;
			proxyType = 2;
			remoteGlobalIDString = 6AB2A01C1AF26C36001EBB20;
			remoteInfo = "AlamofireObjectMapperTests iOS";
		};
		AC20A1731BD9680D0083E0B3 /* PBXContainerItemProxy */ = {
			isa = PBXContainerItemProxy;
			containerPortal = AC20A1631BD9680D0083E0B3 /* AlamofireObjectMapper.xcodeproj */;
			proxyType = 2;
			remoteGlobalIDString = 6AB2A08F1AF27DF1001EBB20;
			remoteInfo = "AlamofireObjectMapperTests OSX";
		};
		AC20A1791BD969710083E0B3 /* PBXContainerItemProxy */ = {
			isa = PBXContainerItemProxy;
			containerPortal = AC20A1631BD9680D0083E0B3 /* AlamofireObjectMapper.xcodeproj */;
			proxyType = 1;
			remoteGlobalIDString = 6AB2A0101AF26C36001EBB20;
			remoteInfo = "AlamofireObjectMapper iOS";
		};
		AC20A1831BD96AA50083E0B3 /* PBXContainerItemProxy */ = {
			isa = PBXContainerItemProxy;
			containerPortal = AC20A17B1BD96AA50083E0B3 /* Bond.xcodeproj */;
			proxyType = 2;
			remoteGlobalIDString = 69491BAE1A7C217100A13B6B;
			remoteInfo = Bond;
		};
		AC20A1851BD96AA50083E0B3 /* PBXContainerItemProxy */ = {
			isa = PBXContainerItemProxy;
			containerPortal = AC20A17B1BD96AA50083E0B3 /* Bond.xcodeproj */;
			proxyType = 2;
			remoteGlobalIDString = 69491BB91A7C217100A13B6B;
			remoteInfo = BondTests;
		};
		AC20A1871BD96AA50083E0B3 /* PBXContainerItemProxy */ = {
			isa = PBXContainerItemProxy;
			containerPortal = AC20A17B1BD96AA50083E0B3 /* Bond.xcodeproj */;
			proxyType = 2;
			remoteGlobalIDString = DCA979691A83C3A100DD4A30;
			remoteInfo = BondOSX;
		};
		AC20A1891BD96AA50083E0B3 /* PBXContainerItemProxy */ = {
			isa = PBXContainerItemProxy;
			containerPortal = AC20A17B1BD96AA50083E0B3 /* Bond.xcodeproj */;
			proxyType = 2;
			remoteGlobalIDString = DCA979731A83C3A200DD4A30;
			remoteInfo = BondOSXTests;
		};
		AC20A18B1BD96AA50083E0B3 /* PBXContainerItemProxy */ = {
			isa = PBXContainerItemProxy;
			containerPortal = AC20A17B1BD96AA50083E0B3 /* Bond.xcodeproj */;
			proxyType = 2;
			remoteGlobalIDString = 03ACB4FE1AB555D6001B3E64;
			remoteInfo = iOSAppForTesting;
		};
		AC20A1981BD96AF50083E0B3 /* PBXContainerItemProxy */ = {
			isa = PBXContainerItemProxy;
			containerPortal = AC20A1901BD96AF40083E0B3 /* ObjectMapper.xcodeproj */;
			proxyType = 2;
			remoteGlobalIDString = 6AAC8F7619F03C2900E7A677;
			remoteInfo = "ObjectMapper-iOS";
		};
		AC20A19A1BD96AF50083E0B3 /* PBXContainerItemProxy */ = {
			isa = PBXContainerItemProxy;
			containerPortal = AC20A1901BD96AF40083E0B3 /* ObjectMapper.xcodeproj */;
			proxyType = 2;
			remoteGlobalIDString = CD1602FF1AC023D5000CD69A;
			remoteInfo = "ObjectMapper-Mac";
		};
		AC20A19C1BD96AF50083E0B3 /* PBXContainerItemProxy */ = {
			isa = PBXContainerItemProxy;
			containerPortal = AC20A1901BD96AF40083E0B3 /* ObjectMapper.xcodeproj */;
			proxyType = 2;
			remoteGlobalIDString = 6A2AD03D1B2C78540097E150;
			remoteInfo = "ObjectMapper-watchOS";
		};
		AC20A19E1BD96AF50083E0B3 /* PBXContainerItemProxy */ = {
			isa = PBXContainerItemProxy;
			containerPortal = AC20A1901BD96AF40083E0B3 /* ObjectMapper.xcodeproj */;
			proxyType = 2;
			remoteGlobalIDString = 6AAC8F8119F03C2900E7A677;
			remoteInfo = "ObjectMapper-iOSTests";
		};
		AC20A1A01BD96AF50083E0B3 /* PBXContainerItemProxy */ = {
			isa = PBXContainerItemProxy;
			containerPortal = AC20A1901BD96AF40083E0B3 /* ObjectMapper.xcodeproj */;
			proxyType = 2;
			remoteGlobalIDString = CD1603091AC023D6000CD69A;
			remoteInfo = "ObjectMapper-MacTests";
		};
		AC20A1A81BD96B4D0083E0B3 /* PBXContainerItemProxy */ = {
			isa = PBXContainerItemProxy;
			containerPortal = AC20A17B1BD96AA50083E0B3 /* Bond.xcodeproj */;
			proxyType = 1;
			remoteGlobalIDString = 69491BAD1A7C217100A13B6B;
			remoteInfo = Bond;
		};
		AC20A1AC1BD96B540083E0B3 /* PBXContainerItemProxy */ = {
			isa = PBXContainerItemProxy;
			containerPortal = AC20A1901BD96AF40083E0B3 /* ObjectMapper.xcodeproj */;
			proxyType = 1;
			remoteGlobalIDString = 6AAC8F7519F03C2900E7A677;
			remoteInfo = "ObjectMapper-iOS";
		};
		AC84B16F1B4C357E0030B0ED /* PBXContainerItemProxy */ = {
			isa = PBXContainerItemProxy;
			containerPortal = AC84B14F1B4C357E0030B0ED /* Project object */;
			proxyType = 1;
			remoteGlobalIDString = AC84B1561B4C357E0030B0ED;
			remoteInfo = Peng;
		};
/* End PBXContainerItemProxy section */

/* Begin PBXCopyFilesBuildPhase section */
		AC20A0E61BD95CC40083E0B3 /* Embed Frameworks */ = {
			isa = PBXCopyFilesBuildPhase;
			buildActionMask = 2147483647;
			dstPath = "";
			dstSubfolderSpec = 10;
			files = (
				AC20A1A71BD96B4D0083E0B3 /* Bond.framework in Embed Frameworks */,
				AC04F24B1BDFD91D00A6592B /* APNGKit.framework in Embed Frameworks */,
				AC20A11E1BD965520083E0B3 /* Alamofire.framework in Embed Frameworks */,
				AC20A1AB1BD96B540083E0B3 /* ObjectMapper.framework in Embed Frameworks */,
				AC20A1781BD969710083E0B3 /* AlamofireObjectMapper.framework in Embed Frameworks */,
			);
			name = "Embed Frameworks";
			runOnlyForDeploymentPostprocessing = 0;
		};
/* End PBXCopyFilesBuildPhase section */

/* Begin PBXFileReference section */
		AC04F1F41BDFD67B00A6592B /* libz.tbd */ = {isa = PBXFileReference; lastKnownFileType = "sourcecode.text-based-dylib-definition"; name = libz.tbd; path = usr/lib/libz.tbd; sourceTree = SDKROOT; };
		AC04F2381BDFD90B00A6592B /* APNGKit.xcodeproj */ = {isa = PBXFileReference; lastKnownFileType = "wrapper.pb-project"; name = APNGKit.xcodeproj; path = APNGKit/APNGKit.xcodeproj; sourceTree = "<group>"; };
		AC04F2511BDFDF8400A6592B /* animated2.apng */ = {isa = PBXFileReference; lastKnownFileType = file; path = animated2.apng; sourceTree = "<group>"; };
		AC09F7321BDC3C180078ED34 /* Actor.swift */ = {isa = PBXFileReference; fileEncoding = 4; lastKnownFileType = sourcecode.swift; name = Actor.swift; path = Models/Actor.swift; sourceTree = "<group>"; };
		AC20A0D61BD922670083E0B3 /* HowToItemController.swift */ = {isa = PBXFileReference; fileEncoding = 4; lastKnownFileType = sourcecode.swift; name = HowToItemController.swift; path = HowTo/HowToItemController.swift; sourceTree = "<group>"; };
		AC20A0D81BD922930083E0B3 /* HowToViewController.swift */ = {isa = PBXFileReference; fileEncoding = 4; lastKnownFileType = sourcecode.swift; name = HowToViewController.swift; path = HowTo/HowToViewController.swift; sourceTree = "<group>"; };
		AC20A0FF1BD964C40083E0B3 /* Alamofire.xcodeproj */ = {isa = PBXFileReference; lastKnownFileType = "wrapper.pb-project"; name = Alamofire.xcodeproj; path = Alamofire/Alamofire.xcodeproj; sourceTree = "<group>"; };
		AC20A1631BD9680D0083E0B3 /* AlamofireObjectMapper.xcodeproj */ = {isa = PBXFileReference; lastKnownFileType = "wrapper.pb-project"; name = AlamofireObjectMapper.xcodeproj; path = AlamofireObjectMapper/AlamofireObjectMapper.xcodeproj; sourceTree = "<group>"; };
		AC20A17B1BD96AA50083E0B3 /* Bond.xcodeproj */ = {isa = PBXFileReference; lastKnownFileType = "wrapper.pb-project"; name = Bond.xcodeproj; path = Bond/Bond.xcodeproj; sourceTree = "<group>"; };
		AC20A1901BD96AF40083E0B3 /* ObjectMapper.xcodeproj */ = {isa = PBXFileReference; lastKnownFileType = "wrapper.pb-project"; name = ObjectMapper.xcodeproj; path = ObjectMapper/ObjectMapper.xcodeproj; sourceTree = "<group>"; };
		AC45697B1BDE61E800A69E99 /* NewDuelViewController.swift */ = {isa = PBXFileReference; fileEncoding = 4; lastKnownFileType = sourcecode.swift; name = NewDuelViewController.swift; path = Features/NewDuel/NewDuelViewController.swift; sourceTree = "<group>"; };
		AC45698B1BDE7C6900A69E99 /* DuelViewController.swift */ = {isa = PBXFileReference; fileEncoding = 4; lastKnownFileType = sourcecode.swift; name = DuelViewController.swift; path = Features/Duel/DuelViewController.swift; sourceTree = "<group>"; };
		AC4F78CD1BE3704000496AAB /* GestureManager.swift */ = {isa = PBXFileReference; fileEncoding = 4; lastKnownFileType = sourcecode.swift; path = GestureManager.swift; sourceTree = "<group>"; };
		AC53E9711BDAA5FC004BA6AD /* UsersTableViewController.swift */ = {isa = PBXFileReference; fileEncoding = 4; lastKnownFileType = sourcecode.swift; name = UsersTableViewController.swift; path = Features/Users/UsersTableViewController.swift; sourceTree = "<group>"; };
		AC53E9731BDAA6E2004BA6AD /* UsersTableViewCell.swift */ = {isa = PBXFileReference; fileEncoding = 4; lastKnownFileType = sourcecode.swift; name = UsersTableViewCell.swift; path = Features/Users/UsersTableViewCell.swift; sourceTree = "<group>"; };
		AC6363B81BD67147007206E4 /* CharacterChangeItemController.swift */ = {isa = PBXFileReference; fileEncoding = 4; lastKnownFileType = sourcecode.swift; name = CharacterChangeItemController.swift; path = CharacterChange/CharacterChangeItemController.swift; sourceTree = "<group>"; };
		AC6363BB1BD6740F007206E4 /* CharacterChangeViewController.swift */ = {isa = PBXFileReference; fileEncoding = 4; lastKnownFileType = sourcecode.swift; name = CharacterChangeViewController.swift; path = CharacterChange/CharacterChangeViewController.swift; sourceTree = "<group>"; };
		AC63686D1BB47B89002ED083 /* HeadlineView.swift */ = {isa = PBXFileReference; fileEncoding = 4; lastKnownFileType = sourcecode.swift; path = HeadlineView.swift; sourceTree = "<group>"; };
		AC63686E1BB47B89002ED083 /* HeadlineView.xib */ = {isa = PBXFileReference; fileEncoding = 4; lastKnownFileType = file.xib; path = HeadlineView.xib; sourceTree = "<group>"; };
		AC651E841BD6A717007B1422 /* Character.swift */ = {isa = PBXFileReference; fileEncoding = 4; lastKnownFileType = sourcecode.swift; path = Character.swift; sourceTree = "<group>"; };
		AC65405C1BD4E7F7002C2747 /* Spinner.swift */ = {isa = PBXFileReference; fileEncoding = 4; lastKnownFileType = sourcecode.swift; path = Spinner.swift; sourceTree = "<group>"; };
		AC65405F1BD5164E002C2747 /* User.swift */ = {isa = PBXFileReference; fileEncoding = 4; lastKnownFileType = sourcecode.swift; name = User.swift; path = Models/User.swift; sourceTree = "<group>"; };
		AC6857B21BE2C6980084EA47 /* SensorViewController.swift */ = {isa = PBXFileReference; fileEncoding = 4; lastKnownFileType = sourcecode.swift; name = SensorViewController.swift; path = Features/Duel/SensorViewController.swift; sourceTree = "<group>"; };
		AC84B1571B4C357E0030B0ED /* Peng.app */ = {isa = PBXFileReference; explicitFileType = wrapper.application; includeInIndex = 0; path = Peng.app; sourceTree = BUILT_PRODUCTS_DIR; };
		AC84B15B1B4C357E0030B0ED /* Info.plist */ = {isa = PBXFileReference; lastKnownFileType = text.plist.xml; path = Info.plist; sourceTree = "<group>"; };
		AC84B15C1B4C357E0030B0ED /* AppDelegate.swift */ = {isa = PBXFileReference; lastKnownFileType = sourcecode.swift; path = AppDelegate.swift; sourceTree = "<group>"; };
		AC84B1601B4C357E0030B0ED /* ProfileViewController.swift */ = {isa = PBXFileReference; lastKnownFileType = sourcecode.swift; path = ProfileViewController.swift; sourceTree = "<group>"; };
		AC84B1631B4C357E0030B0ED /* Base */ = {isa = PBXFileReference; lastKnownFileType = file.storyboard; name = Base; path = Base.lproj/Main.storyboard; sourceTree = "<group>"; };
		AC84B1651B4C357E0030B0ED /* Images.xcassets */ = {isa = PBXFileReference; lastKnownFileType = folder.assetcatalog; path = Images.xcassets; sourceTree = "<group>"; };
		AC84B1681B4C357E0030B0ED /* Base */ = {isa = PBXFileReference; lastKnownFileType = file.xib; name = Base; path = Base.lproj/LaunchScreen.xib; sourceTree = "<group>"; };
		AC84B16E1B4C357E0030B0ED /* PengTests.xctest */ = {isa = PBXFileReference; explicitFileType = wrapper.cfbundle; includeInIndex = 0; path = PengTests.xctest; sourceTree = BUILT_PRODUCTS_DIR; };
		AC84B1731B4C357E0030B0ED /* Info.plist */ = {isa = PBXFileReference; lastKnownFileType = text.plist.xml; path = Info.plist; sourceTree = "<group>"; };
		AC84B1741B4C357E0030B0ED /* PengTests.swift */ = {isa = PBXFileReference; lastKnownFileType = sourcecode.swift; path = PengTests.swift; sourceTree = "<group>"; };
		AC84B18C1B4C4F200030B0ED /* Futura-Extended.ttf */ = {isa = PBXFileReference; lastKnownFileType = file; path = "Futura-Extended.ttf"; sourceTree = "<group>"; };
		AC84B1911B4C56F90030B0ED /* MainViewController.swift */ = {isa = PBXFileReference; fileEncoding = 4; lastKnownFileType = sourcecode.swift; path = MainViewController.swift; sourceTree = "<group>"; };
		AC9B42651BCEEEBA007B73AA /* SettingsViewController.swift */ = {isa = PBXFileReference; fileEncoding = 4; lastKnownFileType = sourcecode.swift; name = SettingsViewController.swift; path = Features/Settings/SettingsViewController.swift; sourceTree = "<group>"; };
		AC9F52E81BD41B5000E73627 /* API.swift */ = {isa = PBXFileReference; fileEncoding = 4; lastKnownFileType = sourcecode.swift; path = API.swift; sourceTree = "<group>"; };
		ACAB65531BD51BA200DAD1E5 /* CurrentUser.swift */ = {isa = PBXFileReference; fileEncoding = 4; lastKnownFileType = sourcecode.swift; path = CurrentUser.swift; sourceTree = "<group>"; };
		ACC2F6181BCE664F004BB101 /* FBSDKCoreKit.framework */ = {isa = PBXFileReference; lastKnownFileType = wrapper.framework; path = FBSDKCoreKit.framework; sourceTree = "<group>"; };
		ACC2F6191BCE664F004BB101 /* FBSDKLoginKit.framework */ = {isa = PBXFileReference; lastKnownFileType = wrapper.framework; path = FBSDKLoginKit.framework; sourceTree = "<group>"; };
		ACC2F61C1BCE682D004BB101 /* LoginViewController.swift */ = {isa = PBXFileReference; fileEncoding = 4; lastKnownFileType = sourcecode.swift; name = LoginViewController.swift; path = Features/Login/LoginViewController.swift; sourceTree = "<group>"; };
		ACF1555D1BDC1F7700802A55 /* Duel.swift */ = {isa = PBXFileReference; fileEncoding = 4; lastKnownFileType = sourcecode.swift; name = Duel.swift; path = Models/Duel.swift; sourceTree = "<group>"; };
		ACF1556F1BDC304400802A55 /* DuelItemViewCell.swift */ = {isa = PBXFileReference; fileEncoding = 4; lastKnownFileType = sourcecode.swift; name = DuelItemViewCell.swift; path = ../Main/DuelItemViewCell.swift; sourceTree = "<group>"; };
/* End PBXFileReference section */

/* Begin PBXFrameworksBuildPhase section */
		AC84B1541B4C357E0030B0ED /* Frameworks */ = {
			isa = PBXFrameworksBuildPhase;
			buildActionMask = 2147483647;
			files = (
				AC04F1F51BDFD67B00A6592B /* libz.tbd in Frameworks */,
				AC20A1AA1BD96B540083E0B3 /* ObjectMapper.framework in Frameworks */,
				AC20A1771BD969710083E0B3 /* AlamofireObjectMapper.framework in Frameworks */,
				AC04F24A1BDFD91D00A6592B /* APNGKit.framework in Frameworks */,
				AC20A11D1BD965520083E0B3 /* Alamofire.framework in Frameworks */,
				ACC2F61B1BCE664F004BB101 /* FBSDKLoginKit.framework in Frameworks */,
				ACC2F61A1BCE664F004BB101 /* FBSDKCoreKit.framework in Frameworks */,
				AC20A1A61BD96B4D0083E0B3 /* Bond.framework in Frameworks */,
			);
			runOnlyForDeploymentPostprocessing = 0;
		};
		AC84B16B1B4C357E0030B0ED /* Frameworks */ = {
			isa = PBXFrameworksBuildPhase;
			buildActionMask = 2147483647;
			files = (
			);
			runOnlyForDeploymentPostprocessing = 0;
		};
/* End PBXFrameworksBuildPhase section */

/* Begin PBXGroup section */
		AC04F2391BDFD90B00A6592B /* Products */ = {
			isa = PBXGroup;
			children = (
				AC04F2411BDFD90C00A6592B /* APNGKit.framework */,
			);
			name = Products;
			sourceTree = "<group>";
		};
		AC20A0D51BD9224C0083E0B3 /* HowTo */ = {
			isa = PBXGroup;
			children = (
				AC20A0D61BD922670083E0B3 /* HowToItemController.swift */,
				AC20A0D81BD922930083E0B3 /* HowToViewController.swift */,
			);
			name = HowTo;
			sourceTree = "<group>";
		};
		AC20A1001BD964C40083E0B3 /* Products */ = {
			isa = PBXGroup;
			children = (
				AC20A1081BD964C40083E0B3 /* Alamofire.framework */,
				AC20A10A1BD964C40083E0B3 /* Alamofire.framework */,
				AC20A10C1BD964C40083E0B3 /* Alamofire.framework */,
				AC20A10E1BD964C40083E0B3 /* Alamofire iOS Tests.xctest */,
				AC20A1101BD964C40083E0B3 /* Alamofire OSX Tests.xctest */,
			);
			name = Products;
			sourceTree = "<group>";
		};
		AC20A1641BD9680D0083E0B3 /* Products */ = {
			isa = PBXGroup;
			children = (
				AC20A16C1BD9680D0083E0B3 /* AlamofireObjectMapper.framework */,
				AC20A16E1BD9680D0083E0B3 /* AlamofireObjectMapper.framework */,
				AC20A1701BD9680D0083E0B3 /* AlamofireObjectMapper.framework */,
				AC20A1721BD9680D0083E0B3 /* AlamofireObjectMapperTests iOS.xctest */,
				AC20A1741BD9680D0083E0B3 /* AlamofireObjectMapperTests OSX.xctest */,
			);
			name = Products;
			sourceTree = "<group>";
		};
		AC20A17C1BD96AA50083E0B3 /* Products */ = {
			isa = PBXGroup;
			children = (
				AC20A1841BD96AA50083E0B3 /* Bond.framework */,
				AC20A1861BD96AA50083E0B3 /* BondTests.xctest */,
				AC20A1881BD96AA50083E0B3 /* Bond.framework */,
				AC20A18A1BD96AA50083E0B3 /* BondOSXTests.xctest */,
				AC20A18C1BD96AA50083E0B3 /* iOSAppForTesting.app */,
			);
			name = Products;
			sourceTree = "<group>";
		};
		AC20A1911BD96AF40083E0B3 /* Products */ = {
			isa = PBXGroup;
			children = (
				AC20A1991BD96AF50083E0B3 /* ObjectMapper.framework */,
				AC20A19B1BD96AF50083E0B3 /* ObjectMapper.framework */,
				AC20A19D1BD96AF50083E0B3 /* ObjectMapper.framework */,
				AC20A19F1BD96AF50083E0B3 /* ObjectMapper-iOSTests.xctest */,
				AC20A1A11BD96AF50083E0B3 /* ObjectMapper-MacTests.xctest */,
			);
			name = Products;
			sourceTree = "<group>";
		};
		AC45696A1BDE61CF00A69E99 /* NewDuel */ = {
			isa = PBXGroup;
			children = (
				AC45697B1BDE61E800A69E99 /* NewDuelViewController.swift */,
			);
			name = NewDuel;
			sourceTree = "<group>";
		};
		AC45698A1BDE7C4F00A69E99 /* Duel */ = {
			isa = PBXGroup;
			children = (
				AC45698B1BDE7C6900A69E99 /* DuelViewController.swift */,
				AC6857B21BE2C6980084EA47 /* SensorViewController.swift */,
			);
			name = Duel;
			sourceTree = "<group>";
		};
		AC53E9701BDAA5D0004BA6AD /* Users */ = {
			isa = PBXGroup;
			children = (
				AC53E9711BDAA5FC004BA6AD /* UsersTableViewController.swift */,
				AC53E9731BDAA6E2004BA6AD /* UsersTableViewCell.swift */,
			);
			name = Users;
			sourceTree = "<group>";
		};
		AC6363BA1BD67152007206E4 /* CharacterChange */ = {
			isa = PBXGroup;
			children = (
				AC6363B81BD67147007206E4 /* CharacterChangeItemController.swift */,
				AC6363BB1BD6740F007206E4 /* CharacterChangeViewController.swift */,
			);
			name = CharacterChange;
			sourceTree = "<group>";
		};
		AC63686C1BB47B89002ED083 /* SharedViews */ = {
			isa = PBXGroup;
			children = (
				ACF1556F1BDC304400802A55 /* DuelItemViewCell.swift */,
				AC63686D1BB47B89002ED083 /* HeadlineView.swift */,
				AC63686E1BB47B89002ED083 /* HeadlineView.xib */,
			);
			name = SharedViews;
			path = Features/SharedViews;
			sourceTree = "<group>";
		};
		AC65405E1BD5163D002C2747 /* Models */ = {
			isa = PBXGroup;
			children = (
				AC65405F1BD5164E002C2747 /* User.swift */,
				AC651E841BD6A717007B1422 /* Character.swift */,
				ACF1555D1BDC1F7700802A55 /* Duel.swift */,
				AC09F7321BDC3C180078ED34 /* Actor.swift */,
			);
			name = Models;
			sourceTree = "<group>";
		};
		AC84B14E1B4C357E0030B0ED = {
			isa = PBXGroup;
			children = (
				AC04F1F41BDFD67B00A6592B /* libz.tbd */,
				AC04F2381BDFD90B00A6592B /* APNGKit.xcodeproj */,
				AC20A1901BD96AF40083E0B3 /* ObjectMapper.xcodeproj */,
				AC20A17B1BD96AA50083E0B3 /* Bond.xcodeproj */,
				AC20A1631BD9680D0083E0B3 /* AlamofireObjectMapper.xcodeproj */,
				AC20A0FF1BD964C40083E0B3 /* Alamofire.xcodeproj */,
				ACC2F6181BCE664F004BB101 /* FBSDKCoreKit.framework */,
				ACC2F6191BCE664F004BB101 /* FBSDKLoginKit.framework */,
				AC84B1591B4C357E0030B0ED /* Peng */,
				AC84B1711B4C357E0030B0ED /* PengTests */,
				AC84B1581B4C357E0030B0ED /* Products */,
			);
			sourceTree = "<group>";
		};
		AC84B1581B4C357E0030B0ED /* Products */ = {
			isa = PBXGroup;
			children = (
				AC84B1571B4C357E0030B0ED /* Peng.app */,
				AC84B16E1B4C357E0030B0ED /* PengTests.xctest */,
			);
			name = Products;
			sourceTree = "<group>";
		};
		AC84B1591B4C357E0030B0ED /* Peng */ = {
			isa = PBXGroup;
			children = (
				AC65405E1BD5163D002C2747 /* Models */,
				AC84B18A1B4C4ED20030B0ED /* Assets */,
				AC84B1831B4C43CF0030B0ED /* Features */,
				AC84B15C1B4C357E0030B0ED /* AppDelegate.swift */,
				AC84B1621B4C357E0030B0ED /* Main.storyboard */,
				AC84B1651B4C357E0030B0ED /* Images.xcassets */,
				AC84B1671B4C357E0030B0ED /* LaunchScreen.xib */,
				AC84B15A1B4C357E0030B0ED /* Supporting Files */,
				AC9F52E81BD41B5000E73627 /* API.swift */,
				AC65405C1BD4E7F7002C2747 /* Spinner.swift */,
				ACAB65531BD51BA200DAD1E5 /* CurrentUser.swift */,
				AC4F78CD1BE3704000496AAB /* GestureManager.swift */,
			);
			path = Peng;
			sourceTree = "<group>";
		};
		AC84B15A1B4C357E0030B0ED /* Supporting Files */ = {
			isa = PBXGroup;
			children = (
				AC84B15B1B4C357E0030B0ED /* Info.plist */,
			);
			name = "Supporting Files";
			sourceTree = "<group>";
		};
		AC84B1711B4C357E0030B0ED /* PengTests */ = {
			isa = PBXGroup;
			children = (
				AC84B1741B4C357E0030B0ED /* PengTests.swift */,
				AC84B1721B4C357E0030B0ED /* Supporting Files */,
			);
			path = PengTests;
			sourceTree = "<group>";
		};
		AC84B1721B4C357E0030B0ED /* Supporting Files */ = {
			isa = PBXGroup;
			children = (
				AC84B1731B4C357E0030B0ED /* Info.plist */,
			);
			name = "Supporting Files";
			sourceTree = "<group>";
		};
		AC84B1831B4C43CF0030B0ED /* Features */ = {
			isa = PBXGroup;
			children = (
				AC45698A1BDE7C4F00A69E99 /* Duel */,
				AC45696A1BDE61CF00A69E99 /* NewDuel */,
				AC53E9701BDAA5D0004BA6AD /* Users */,
				AC20A0D51BD9224C0083E0B3 /* HowTo */,
				ACC2F61E1BCE6833004BB101 /* Login */,
				AC63686C1BB47B89002ED083 /* SharedViews */,
				AC84B1861B4C43F10030B0ED /* Profile */,
				AC84B1851B4C43E50030B0ED /* Settings */,
				AC84B1841B4C43DB0030B0ED /* Main */,
				AC6363BA1BD67152007206E4 /* CharacterChange */,
			);
			name = Features;
			sourceTree = "<group>";
		};
		AC84B1841B4C43DB0030B0ED /* Main */ = {
			isa = PBXGroup;
			children = (
				AC84B1911B4C56F90030B0ED /* MainViewController.swift */,
			);
			name = Main;
			path = Features/Main;
			sourceTree = "<group>";
		};
		AC84B1851B4C43E50030B0ED /* Settings */ = {
			isa = PBXGroup;
			children = (
				AC9B42651BCEEEBA007B73AA /* SettingsViewController.swift */,
			);
			name = Settings;
			sourceTree = "<group>";
		};
		AC84B1861B4C43F10030B0ED /* Profile */ = {
			isa = PBXGroup;
			children = (
				AC84B1601B4C357E0030B0ED /* ProfileViewController.swift */,
			);
			name = Profile;
			path = Features/Profile;
			sourceTree = "<group>";
		};
		AC84B18A1B4C4ED20030B0ED /* Assets */ = {
			isa = PBXGroup;
			children = (
				AC04F2511BDFDF8400A6592B /* animated2.apng */,
				AC84B18B1B4C4ED60030B0ED /* Fonts */,
			);
			name = Assets;
			sourceTree = "<group>";
		};
		AC84B18B1B4C4ED60030B0ED /* Fonts */ = {
			isa = PBXGroup;
			children = (
				AC84B18C1B4C4F200030B0ED /* Futura-Extended.ttf */,
			);
			name = Fonts;
			path = Assets/Fonts;
			sourceTree = "<group>";
		};
		ACC2F61E1BCE6833004BB101 /* Login */ = {
			isa = PBXGroup;
			children = (
				ACC2F61C1BCE682D004BB101 /* LoginViewController.swift */,
			);
			name = Login;
			sourceTree = "<group>";
		};
/* End PBXGroup section */

/* Begin PBXNativeTarget section */
		AC84B1561B4C357E0030B0ED /* Peng */ = {
			isa = PBXNativeTarget;
			buildConfigurationList = AC84B1781B4C357E0030B0ED /* Build configuration list for PBXNativeTarget "Peng" */;
			buildPhases = (
				AC84B1531B4C357E0030B0ED /* Sources */,
				AC84B1541B4C357E0030B0ED /* Frameworks */,
				AC84B1551B4C357E0030B0ED /* Resources */,
				AC20A0E61BD95CC40083E0B3 /* Embed Frameworks */,
			);
			buildRules = (
			);
			dependencies = (
				AC20A1201BD965520083E0B3 /* PBXTargetDependency */,
				AC20A17A1BD969710083E0B3 /* PBXTargetDependency */,
				AC20A1A91BD96B4D0083E0B3 /* PBXTargetDependency */,
				AC20A1AD1BD96B540083E0B3 /* PBXTargetDependency */,
				AC04F24D1BDFD91D00A6592B /* PBXTargetDependency */,
			);
			name = Peng;
			productName = Peng;
			productReference = AC84B1571B4C357E0030B0ED /* Peng.app */;
			productType = "com.apple.product-type.application";
		};
		AC84B16D1B4C357E0030B0ED /* PengTests */ = {
			isa = PBXNativeTarget;
			buildConfigurationList = AC84B17B1B4C357E0030B0ED /* Build configuration list for PBXNativeTarget "PengTests" */;
			buildPhases = (
				AC84B16A1B4C357E0030B0ED /* Sources */,
				AC84B16B1B4C357E0030B0ED /* Frameworks */,
				AC84B16C1B4C357E0030B0ED /* Resources */,
			);
			buildRules = (
			);
			dependencies = (
				AC84B1701B4C357E0030B0ED /* PBXTargetDependency */,
			);
			name = PengTests;
			productName = PengTests;
			productReference = AC84B16E1B4C357E0030B0ED /* PengTests.xctest */;
			productType = "com.apple.product-type.bundle.unit-test";
		};
/* End PBXNativeTarget section */

/* Begin PBXProject section */
		AC84B14F1B4C357E0030B0ED /* Project object */ = {
			isa = PBXProject;
			attributes = {
				KnownAssetTags = (
					New,
				);
				LastSwiftMigration = 0700;
				LastSwiftUpdateCheck = 0700;
				LastUpgradeCheck = 0630;
				ORGANIZATIONNAME = "Yannick Schuchmann";
				TargetAttributes = {
					AC84B1561B4C357E0030B0ED = {
						CreatedOnToolsVersion = 6.3.2;
						DevelopmentTeam = LW792A9U55;
					};
					AC84B16D1B4C357E0030B0ED = {
						CreatedOnToolsVersion = 6.3.2;
						TestTargetID = AC84B1561B4C357E0030B0ED;
					};
				};
			};
			buildConfigurationList = AC84B1521B4C357E0030B0ED /* Build configuration list for PBXProject "Peng" */;
			compatibilityVersion = "Xcode 3.2";
			developmentRegion = English;
			hasScannedForEncodings = 0;
			knownRegions = (
				en,
				Base,
			);
			mainGroup = AC84B14E1B4C357E0030B0ED;
			productRefGroup = AC84B1581B4C357E0030B0ED /* Products */;
			projectDirPath = "";
			projectReferences = (
				{
					ProductGroup = AC20A1001BD964C40083E0B3 /* Products */;
					ProjectRef = AC20A0FF1BD964C40083E0B3 /* Alamofire.xcodeproj */;
				},
				{
					ProductGroup = AC20A1641BD9680D0083E0B3 /* Products */;
					ProjectRef = AC20A1631BD9680D0083E0B3 /* AlamofireObjectMapper.xcodeproj */;
				},
				{
					ProductGroup = AC04F2391BDFD90B00A6592B /* Products */;
					ProjectRef = AC04F2381BDFD90B00A6592B /* APNGKit.xcodeproj */;
				},
				{
					ProductGroup = AC20A17C1BD96AA50083E0B3 /* Products */;
					ProjectRef = AC20A17B1BD96AA50083E0B3 /* Bond.xcodeproj */;
				},
				{
					ProductGroup = AC20A1911BD96AF40083E0B3 /* Products */;
					ProjectRef = AC20A1901BD96AF40083E0B3 /* ObjectMapper.xcodeproj */;
				},
			);
			projectRoot = "";
			targets = (
				AC84B1561B4C357E0030B0ED /* Peng */,
				AC84B16D1B4C357E0030B0ED /* PengTests */,
			);
		};
/* End PBXProject section */

/* Begin PBXReferenceProxy section */
		AC04F2411BDFD90C00A6592B /* APNGKit.framework */ = {
			isa = PBXReferenceProxy;
			fileType = wrapper.framework;
			path = APNGKit.framework;
			remoteRef = AC04F2401BDFD90C00A6592B /* PBXContainerItemProxy */;
			sourceTree = BUILT_PRODUCTS_DIR;
		};
		AC20A1081BD964C40083E0B3 /* Alamofire.framework */ = {
			isa = PBXReferenceProxy;
			fileType = wrapper.framework;
			path = Alamofire.framework;
			remoteRef = AC20A1071BD964C40083E0B3 /* PBXContainerItemProxy */;
			sourceTree = BUILT_PRODUCTS_DIR;
		};
		AC20A10A1BD964C40083E0B3 /* Alamofire.framework */ = {
			isa = PBXReferenceProxy;
			fileType = wrapper.framework;
			path = Alamofire.framework;
			remoteRef = AC20A1091BD964C40083E0B3 /* PBXContainerItemProxy */;
			sourceTree = BUILT_PRODUCTS_DIR;
		};
		AC20A10C1BD964C40083E0B3 /* Alamofire.framework */ = {
			isa = PBXReferenceProxy;
			fileType = wrapper.framework;
			path = Alamofire.framework;
			remoteRef = AC20A10B1BD964C40083E0B3 /* PBXContainerItemProxy */;
			sourceTree = BUILT_PRODUCTS_DIR;
		};
		AC20A10E1BD964C40083E0B3 /* Alamofire iOS Tests.xctest */ = {
			isa = PBXReferenceProxy;
			fileType = wrapper.cfbundle;
			path = "Alamofire iOS Tests.xctest";
			remoteRef = AC20A10D1BD964C40083E0B3 /* PBXContainerItemProxy */;
			sourceTree = BUILT_PRODUCTS_DIR;
		};
		AC20A1101BD964C40083E0B3 /* Alamofire OSX Tests.xctest */ = {
			isa = PBXReferenceProxy;
			fileType = wrapper.cfbundle;
			path = "Alamofire OSX Tests.xctest";
			remoteRef = AC20A10F1BD964C40083E0B3 /* PBXContainerItemProxy */;
			sourceTree = BUILT_PRODUCTS_DIR;
		};
		AC20A16C1BD9680D0083E0B3 /* AlamofireObjectMapper.framework */ = {
			isa = PBXReferenceProxy;
			fileType = wrapper.framework;
			path = AlamofireObjectMapper.framework;
			remoteRef = AC20A16B1BD9680D0083E0B3 /* PBXContainerItemProxy */;
			sourceTree = BUILT_PRODUCTS_DIR;
		};
		AC20A16E1BD9680D0083E0B3 /* AlamofireObjectMapper.framework */ = {
			isa = PBXReferenceProxy;
			fileType = wrapper.framework;
			path = AlamofireObjectMapper.framework;
			remoteRef = AC20A16D1BD9680D0083E0B3 /* PBXContainerItemProxy */;
			sourceTree = BUILT_PRODUCTS_DIR;
		};
		AC20A1701BD9680D0083E0B3 /* AlamofireObjectMapper.framework */ = {
			isa = PBXReferenceProxy;
			fileType = wrapper.framework;
			path = AlamofireObjectMapper.framework;
			remoteRef = AC20A16F1BD9680D0083E0B3 /* PBXContainerItemProxy */;
			sourceTree = BUILT_PRODUCTS_DIR;
		};
		AC20A1721BD9680D0083E0B3 /* AlamofireObjectMapperTests iOS.xctest */ = {
			isa = PBXReferenceProxy;
			fileType = wrapper.cfbundle;
			path = "AlamofireObjectMapperTests iOS.xctest";
			remoteRef = AC20A1711BD9680D0083E0B3 /* PBXContainerItemProxy */;
			sourceTree = BUILT_PRODUCTS_DIR;
		};
		AC20A1741BD9680D0083E0B3 /* AlamofireObjectMapperTests OSX.xctest */ = {
			isa = PBXReferenceProxy;
			fileType = wrapper.cfbundle;
			path = "AlamofireObjectMapperTests OSX.xctest";
			remoteRef = AC20A1731BD9680D0083E0B3 /* PBXContainerItemProxy */;
			sourceTree = BUILT_PRODUCTS_DIR;
		};
		AC20A1841BD96AA50083E0B3 /* Bond.framework */ = {
			isa = PBXReferenceProxy;
			fileType = wrapper.framework;
			path = Bond.framework;
			remoteRef = AC20A1831BD96AA50083E0B3 /* PBXContainerItemProxy */;
			sourceTree = BUILT_PRODUCTS_DIR;
		};
		AC20A1861BD96AA50083E0B3 /* BondTests.xctest */ = {
			isa = PBXReferenceProxy;
			fileType = wrapper.cfbundle;
			path = BondTests.xctest;
			remoteRef = AC20A1851BD96AA50083E0B3 /* PBXContainerItemProxy */;
			sourceTree = BUILT_PRODUCTS_DIR;
		};
		AC20A1881BD96AA50083E0B3 /* Bond.framework */ = {
			isa = PBXReferenceProxy;
			fileType = wrapper.framework;
			path = Bond.framework;
			remoteRef = AC20A1871BD96AA50083E0B3 /* PBXContainerItemProxy */;
			sourceTree = BUILT_PRODUCTS_DIR;
		};
		AC20A18A1BD96AA50083E0B3 /* BondOSXTests.xctest */ = {
			isa = PBXReferenceProxy;
			fileType = wrapper.cfbundle;
			path = BondOSXTests.xctest;
			remoteRef = AC20A1891BD96AA50083E0B3 /* PBXContainerItemProxy */;
			sourceTree = BUILT_PRODUCTS_DIR;
		};
		AC20A18C1BD96AA50083E0B3 /* iOSAppForTesting.app */ = {
			isa = PBXReferenceProxy;
			fileType = wrapper.application;
			path = iOSAppForTesting.app;
			remoteRef = AC20A18B1BD96AA50083E0B3 /* PBXContainerItemProxy */;
			sourceTree = BUILT_PRODUCTS_DIR;
		};
		AC20A1991BD96AF50083E0B3 /* ObjectMapper.framework */ = {
			isa = PBXReferenceProxy;
			fileType = wrapper.framework;
			path = ObjectMapper.framework;
			remoteRef = AC20A1981BD96AF50083E0B3 /* PBXContainerItemProxy */;
			sourceTree = BUILT_PRODUCTS_DIR;
		};
		AC20A19B1BD96AF50083E0B3 /* ObjectMapper.framework */ = {
			isa = PBXReferenceProxy;
			fileType = wrapper.framework;
			path = ObjectMapper.framework;
			remoteRef = AC20A19A1BD96AF50083E0B3 /* PBXContainerItemProxy */;
			sourceTree = BUILT_PRODUCTS_DIR;
		};
		AC20A19D1BD96AF50083E0B3 /* ObjectMapper.framework */ = {
			isa = PBXReferenceProxy;
			fileType = wrapper.framework;
			path = ObjectMapper.framework;
			remoteRef = AC20A19C1BD96AF50083E0B3 /* PBXContainerItemProxy */;
			sourceTree = BUILT_PRODUCTS_DIR;
		};
		AC20A19F1BD96AF50083E0B3 /* ObjectMapper-iOSTests.xctest */ = {
			isa = PBXReferenceProxy;
			fileType = wrapper.cfbundle;
			path = "ObjectMapper-iOSTests.xctest";
			remoteRef = AC20A19E1BD96AF50083E0B3 /* PBXContainerItemProxy */;
			sourceTree = BUILT_PRODUCTS_DIR;
		};
		AC20A1A11BD96AF50083E0B3 /* ObjectMapper-MacTests.xctest */ = {
			isa = PBXReferenceProxy;
			fileType = wrapper.cfbundle;
			path = "ObjectMapper-MacTests.xctest";
			remoteRef = AC20A1A01BD96AF50083E0B3 /* PBXContainerItemProxy */;
			sourceTree = BUILT_PRODUCTS_DIR;
		};
/* End PBXReferenceProxy section */

/* Begin PBXResourcesBuildPhase section */
		AC84B1551B4C357E0030B0ED /* Resources */ = {
			isa = PBXResourcesBuildPhase;
			buildActionMask = 2147483647;
			files = (
				AC6FCC051B4DAA7700837119 /* Futura-Extended.ttf in Resources */,
				AC84B1641B4C357E0030B0ED /* Main.storyboard in Resources */,
				AC84B1691B4C357E0030B0ED /* LaunchScreen.xib in Resources */,
				AC6368701BB47B89002ED083 /* HeadlineView.xib in Resources */,
				AC84B1661B4C357E0030B0ED /* Images.xcassets in Resources */,
				AC04F2521BDFDF8400A6592B /* animated2.apng in Resources */,
			);
			runOnlyForDeploymentPostprocessing = 0;
		};
		AC84B16C1B4C357E0030B0ED /* Resources */ = {
			isa = PBXResourcesBuildPhase;
			buildActionMask = 2147483647;
			files = (
			);
			runOnlyForDeploymentPostprocessing = 0;
		};
/* End PBXResourcesBuildPhase section */

/* Begin PBXSourcesBuildPhase section */
		AC84B1531B4C357E0030B0ED /* Sources */ = {
			isa = PBXSourcesBuildPhase;
			buildActionMask = 2147483647;
			files = (
				ACC2F61D1BCE682D004BB101 /* LoginViewController.swift in Sources */,
				AC4F78CE1BE3704000496AAB /* GestureManager.swift in Sources */,
				AC65405D1BD4E7F7002C2747 /* Spinner.swift in Sources */,
				AC53E9721BDAA5FC004BA6AD /* UsersTableViewController.swift in Sources */,
				AC45697C1BDE61E800A69E99 /* NewDuelViewController.swift in Sources */,
				AC53E9741BDAA6E2004BA6AD /* UsersTableViewCell.swift in Sources */,
				ACAB65541BD51BA200DAD1E5 /* CurrentUser.swift in Sources */,
				AC20A0D71BD922670083E0B3 /* HowToItemController.swift in Sources */,
				AC20A0D91BD922930083E0B3 /* HowToViewController.swift in Sources */,
				AC84B1611B4C357E0030B0ED /* ProfileViewController.swift in Sources */,
				AC6363BC1BD6740F007206E4 /* CharacterChangeViewController.swift in Sources */,
				AC9B42661BCEEEBA007B73AA /* SettingsViewController.swift in Sources */,
				AC84B15D1B4C357E0030B0ED /* AppDelegate.swift in Sources */,
				ACF1555E1BDC1F7700802A55 /* Duel.swift in Sources */,
				AC9F52E91BD41B5000E73627 /* API.swift in Sources */,
				AC651E851BD6A717007B1422 /* Character.swift in Sources */,
				AC63686F1BB47B89002ED083 /* HeadlineView.swift in Sources */,
				AC45698C1BDE7C6900A69E99 /* DuelViewController.swift in Sources */,
				AC6363B91BD67147007206E4 /* CharacterChangeItemController.swift in Sources */,
				AC6540601BD5164E002C2747 /* User.swift in Sources */,
				AC84B1921B4C56F90030B0ED /* MainViewController.swift in Sources */,
				ACF155701BDC304400802A55 /* DuelItemViewCell.swift in Sources */,
				AC09F7331BDC3C180078ED34 /* Actor.swift in Sources */,
				AC6857B31BE2C6980084EA47 /* SensorViewController.swift in Sources */,
			);
			runOnlyForDeploymentPostprocessing = 0;
		};
		AC84B16A1B4C357E0030B0ED /* Sources */ = {
			isa = PBXSourcesBuildPhase;
			buildActionMask = 2147483647;
			files = (
				AC84B1751B4C357E0030B0ED /* PengTests.swift in Sources */,
			);
			runOnlyForDeploymentPostprocessing = 0;
		};
/* End PBXSourcesBuildPhase section */

/* Begin PBXTargetDependency section */
		AC04F24D1BDFD91D00A6592B /* PBXTargetDependency */ = {
			isa = PBXTargetDependency;
			name = APNGKit;
			targetProxy = AC04F24C1BDFD91D00A6592B /* PBXContainerItemProxy */;
		};
		AC20A1201BD965520083E0B3 /* PBXTargetDependency */ = {
			isa = PBXTargetDependency;
			name = "Alamofire iOS";
			targetProxy = AC20A11F1BD965520083E0B3 /* PBXContainerItemProxy */;
		};
		AC20A17A1BD969710083E0B3 /* PBXTargetDependency */ = {
			isa = PBXTargetDependency;
			name = "AlamofireObjectMapper iOS";
			targetProxy = AC20A1791BD969710083E0B3 /* PBXContainerItemProxy */;
		};
		AC20A1A91BD96B4D0083E0B3 /* PBXTargetDependency */ = {
			isa = PBXTargetDependency;
			name = Bond;
			targetProxy = AC20A1A81BD96B4D0083E0B3 /* PBXContainerItemProxy */;
		};
		AC20A1AD1BD96B540083E0B3 /* PBXTargetDependency */ = {
			isa = PBXTargetDependency;
			name = "ObjectMapper-iOS";
			targetProxy = AC20A1AC1BD96B540083E0B3 /* PBXContainerItemProxy */;
		};
		AC84B1701B4C357E0030B0ED /* PBXTargetDependency */ = {
			isa = PBXTargetDependency;
			target = AC84B1561B4C357E0030B0ED /* Peng */;
			targetProxy = AC84B16F1B4C357E0030B0ED /* PBXContainerItemProxy */;
		};
/* End PBXTargetDependency section */

/* Begin PBXVariantGroup section */
		AC84B1621B4C357E0030B0ED /* Main.storyboard */ = {
			isa = PBXVariantGroup;
			children = (
				AC84B1631B4C357E0030B0ED /* Base */,
			);
			name = Main.storyboard;
			sourceTree = "<group>";
		};
		AC84B1671B4C357E0030B0ED /* LaunchScreen.xib */ = {
			isa = PBXVariantGroup;
			children = (
				AC84B1681B4C357E0030B0ED /* Base */,
			);
			name = LaunchScreen.xib;
			sourceTree = "<group>";
		};
/* End PBXVariantGroup section */

/* Begin XCBuildConfiguration section */
		AC84B1761B4C357E0030B0ED /* Debug */ = {
			isa = XCBuildConfiguration;
			buildSettings = {
				ALWAYS_SEARCH_USER_PATHS = NO;
				CLANG_CXX_LANGUAGE_STANDARD = "gnu++0x";
				CLANG_CXX_LIBRARY = "libc++";
				CLANG_ENABLE_MODULES = YES;
				CLANG_ENABLE_OBJC_ARC = YES;
				CLANG_WARN_BOOL_CONVERSION = YES;
				CLANG_WARN_CONSTANT_CONVERSION = YES;
				CLANG_WARN_DIRECT_OBJC_ISA_USAGE = YES_ERROR;
				CLANG_WARN_EMPTY_BODY = YES;
				CLANG_WARN_ENUM_CONVERSION = YES;
				CLANG_WARN_INT_CONVERSION = YES;
				CLANG_WARN_OBJC_ROOT_CLASS = YES_ERROR;
				CLANG_WARN_UNREACHABLE_CODE = YES;
				CLANG_WARN__DUPLICATE_METHOD_MATCH = YES;
				CODE_SIGN_IDENTITY = "";
				"CODE_SIGN_IDENTITY[sdk=iphoneos*]" = "iPhone Developer";
				COPY_PHASE_STRIP = NO;
				DEBUG_INFORMATION_FORMAT = "dwarf-with-dsym";
				ENABLE_STRICT_OBJC_MSGSEND = YES;
				GCC_C_LANGUAGE_STANDARD = gnu99;
				GCC_DYNAMIC_NO_PIC = NO;
				GCC_NO_COMMON_BLOCKS = YES;
				GCC_OPTIMIZATION_LEVEL = 0;
				GCC_PREPROCESSOR_DEFINITIONS = (
					"DEBUG=1",
					"$(inherited)",
				);
				GCC_SYMBOLS_PRIVATE_EXTERN = NO;
				GCC_WARN_64_TO_32_BIT_CONVERSION = YES;
				GCC_WARN_ABOUT_RETURN_TYPE = YES_ERROR;
				GCC_WARN_UNDECLARED_SELECTOR = YES;
				GCC_WARN_UNINITIALIZED_AUTOS = YES_AGGRESSIVE;
				GCC_WARN_UNUSED_FUNCTION = YES;
				GCC_WARN_UNUSED_VARIABLE = YES;
				IPHONEOS_DEPLOYMENT_TARGET = 8.3;
				MTL_ENABLE_DEBUG_INFO = YES;
				ONLY_ACTIVE_ARCH = YES;
				SDKROOT = iphoneos;
				SWIFT_OPTIMIZATION_LEVEL = "-Onone";
			};
			name = Debug;
		};
		AC84B1771B4C357E0030B0ED /* Release */ = {
			isa = XCBuildConfiguration;
			buildSettings = {
				ALWAYS_SEARCH_USER_PATHS = NO;
				CLANG_CXX_LANGUAGE_STANDARD = "gnu++0x";
				CLANG_CXX_LIBRARY = "libc++";
				CLANG_ENABLE_MODULES = YES;
				CLANG_ENABLE_OBJC_ARC = YES;
				CLANG_WARN_BOOL_CONVERSION = YES;
				CLANG_WARN_CONSTANT_CONVERSION = YES;
				CLANG_WARN_DIRECT_OBJC_ISA_USAGE = YES_ERROR;
				CLANG_WARN_EMPTY_BODY = YES;
				CLANG_WARN_ENUM_CONVERSION = YES;
				CLANG_WARN_INT_CONVERSION = YES;
				CLANG_WARN_OBJC_ROOT_CLASS = YES_ERROR;
				CLANG_WARN_UNREACHABLE_CODE = YES;
				CLANG_WARN__DUPLICATE_METHOD_MATCH = YES;
				CODE_SIGN_IDENTITY = "";
				"CODE_SIGN_IDENTITY[sdk=iphoneos*]" = "iPhone Distribution: University of applied sciences Hamburg";
				COPY_PHASE_STRIP = NO;
				DEBUG_INFORMATION_FORMAT = "dwarf-with-dsym";
				ENABLE_NS_ASSERTIONS = NO;
				ENABLE_STRICT_OBJC_MSGSEND = YES;
				GCC_C_LANGUAGE_STANDARD = gnu99;
				GCC_NO_COMMON_BLOCKS = YES;
				GCC_WARN_64_TO_32_BIT_CONVERSION = YES;
				GCC_WARN_ABOUT_RETURN_TYPE = YES_ERROR;
				GCC_WARN_UNDECLARED_SELECTOR = YES;
				GCC_WARN_UNINITIALIZED_AUTOS = YES_AGGRESSIVE;
				GCC_WARN_UNUSED_FUNCTION = YES;
				GCC_WARN_UNUSED_VARIABLE = YES;
				IPHONEOS_DEPLOYMENT_TARGET = 8.3;
				MTL_ENABLE_DEBUG_INFO = NO;
				SDKROOT = iphoneos;
				VALIDATE_PRODUCT = YES;
			};
			name = Release;
		};
		AC84B1791B4C357E0030B0ED /* Debug */ = {
			isa = XCBuildConfiguration;
			buildSettings = {
				ASSETCATALOG_COMPILER_APPICON_NAME = AppIcon;
				CLANG_ALLOW_NON_MODULAR_INCLUDES_IN_FRAMEWORK_MODULES = YES;
				CLANG_ENABLE_MODULES = YES;
				CODE_SIGN_IDENTITY = "";
				"CODE_SIGN_IDENTITY[sdk=iphoneos*]" = "iPhone Developer";
				EMBEDDED_CONTENT_CONTAINS_SWIFT = YES;
				FRAMEWORK_SEARCH_PATHS = (
					"$(PROJECT_DIR)",
					"$(PROJECT_DIR)/Carthage/Build/iOS",
				);
				INFOPLIST_FILE = Peng/Info.plist;
				IPHONEOS_DEPLOYMENT_TARGET = 8.0;
				LD_RUNPATH_SEARCH_PATHS = "$(inherited) @executable_path/Frameworks";
				PRODUCT_NAME = "$(TARGET_NAME)";
				PROVISIONING_PROFILE = "20699058-9c47-43f3-80ce-93e4474170ca";
				SWIFT_OBJC_BRIDGING_HEADER = "";
				SWIFT_OPTIMIZATION_LEVEL = "-Onone";
			};
			name = Debug;
		};
		AC84B17A1B4C357E0030B0ED /* Release */ = {
			isa = XCBuildConfiguration;
			buildSettings = {
				ASSETCATALOG_COMPILER_APPICON_NAME = AppIcon;
				CLANG_ALLOW_NON_MODULAR_INCLUDES_IN_FRAMEWORK_MODULES = YES;
				CLANG_ENABLE_MODULES = YES;
				CODE_SIGN_IDENTITY = "";
				"CODE_SIGN_IDENTITY[sdk=iphoneos*]" = "iPhone Distribution: University of applied sciences Hamburg";
				EMBEDDED_CONTENT_CONTAINS_SWIFT = YES;
				FRAMEWORK_SEARCH_PATHS = (
					"$(PROJECT_DIR)",
					"$(PROJECT_DIR)/Carthage/Build/iOS",
				);
				INFOPLIST_FILE = Peng/Info.plist;
				IPHONEOS_DEPLOYMENT_TARGET = 8.0;
				LD_RUNPATH_SEARCH_PATHS = "$(inherited) @executable_path/Frameworks";
				PRODUCT_NAME = "$(TARGET_NAME)";
				PROVISIONING_PROFILE = "20699058-9c47-43f3-80ce-93e4474170ca";
				SWIFT_OBJC_BRIDGING_HEADER = "";
			};
			name = Release;
		};
		AC84B17C1B4C357E0030B0ED /* Debug */ = {
			isa = XCBuildConfiguration;
			buildSettings = {
				BUNDLE_LOADER = "$(TEST_HOST)";
				FRAMEWORK_SEARCH_PATHS = (
					"$(SDKROOT)/Developer/Library/Frameworks",
					"$(inherited)",
				);
				GCC_PREPROCESSOR_DEFINITIONS = (
					"DEBUG=1",
					"$(inherited)",
				);
				INFOPLIST_FILE = PengTests/Info.plist;
				LD_RUNPATH_SEARCH_PATHS = "$(inherited) @executable_path/Frameworks @loader_path/Frameworks";
				PRODUCT_NAME = "$(TARGET_NAME)";
				TEST_HOST = "$(BUILT_PRODUCTS_DIR)/Peng.app/Peng";
			};
			name = Debug;
		};
		AC84B17D1B4C357E0030B0ED /* Release */ = {
			isa = XCBuildConfiguration;
			buildSettings = {
				BUNDLE_LOADER = "$(TEST_HOST)";
				FRAMEWORK_SEARCH_PATHS = (
					"$(SDKROOT)/Developer/Library/Frameworks",
					"$(inherited)",
				);
				INFOPLIST_FILE = PengTests/Info.plist;
				LD_RUNPATH_SEARCH_PATHS = "$(inherited) @executable_path/Frameworks @loader_path/Frameworks";
				PRODUCT_NAME = "$(TARGET_NAME)";
				TEST_HOST = "$(BUILT_PRODUCTS_DIR)/Peng.app/Peng";
			};
			name = Release;
		};
/* End XCBuildConfiguration section */

/* Begin XCConfigurationList section */
		AC84B1521B4C357E0030B0ED /* Build configuration list for PBXProject "Peng" */ = {
			isa = XCConfigurationList;
			buildConfigurations = (
				AC84B1761B4C357E0030B0ED /* Debug */,
				AC84B1771B4C357E0030B0ED /* Release */,
			);
			defaultConfigurationIsVisible = 0;
			defaultConfigurationName = Release;
		};
		AC84B1781B4C357E0030B0ED /* Build configuration list for PBXNativeTarget "Peng" */ = {
			isa = XCConfigurationList;
			buildConfigurations = (
				AC84B1791B4C357E0030B0ED /* Debug */,
				AC84B17A1B4C357E0030B0ED /* Release */,
			);
			defaultConfigurationIsVisible = 0;
			defaultConfigurationName = Release;
		};
		AC84B17B1B4C357E0030B0ED /* Build configuration list for PBXNativeTarget "PengTests" */ = {
			isa = XCConfigurationList;
			buildConfigurations = (
				AC84B17C1B4C357E0030B0ED /* Debug */,
				AC84B17D1B4C357E0030B0ED /* Release */,
			);
			defaultConfigurationIsVisible = 0;
			defaultConfigurationName = Release;
		};
/* End XCConfigurationList section */
	};
	rootObject = AC84B14F1B4C357E0030B0ED /* Project object */;
}
