// !$*UTF8*$!
{
	archiveVersion = 1;
	classes = {
	};
	objectVersion = 46;
	objects = {

/* Begin PBXBuildFile section */
		AC4FF5C81BD6618600695EE0 /* Bond.framework in Frameworks */ = {isa = PBXBuildFile; fileRef = AC4FF5C71BD6618600695EE0 /* Bond.framework */; };
		AC4FF5C91BD6618600695EE0 /* Bond.framework in Embed Frameworks */ = {isa = PBXBuildFile; fileRef = AC4FF5C71BD6618600695EE0 /* Bond.framework */; settings = {ATTRIBUTES = (CodeSignOnCopy, RemoveHeadersOnCopy, ); }; };
		AC6363B91BD67147007206E4 /* CharacterChangeItemController.swift in Sources */ = {isa = PBXBuildFile; fileRef = AC6363B81BD67147007206E4 /* CharacterChangeItemController.swift */; settings = {ASSET_TAGS = (); }; };
		AC6363BC1BD6740F007206E4 /* CharacterChangeViewController.swift in Sources */ = {isa = PBXBuildFile; fileRef = AC6363BB1BD6740F007206E4 /* CharacterChangeViewController.swift */; settings = {ASSET_TAGS = (); }; };
		AC63686F1BB47B89002ED083 /* HeadlineView.swift in Sources */ = {isa = PBXBuildFile; fileRef = AC63686D1BB47B89002ED083 /* HeadlineView.swift */; settings = {ASSET_TAGS = (); }; };
		AC6368701BB47B89002ED083 /* HeadlineView.xib in Resources */ = {isa = PBXBuildFile; fileRef = AC63686E1BB47B89002ED083 /* HeadlineView.xib */; settings = {ASSET_TAGS = (); }; };
		AC6540561BD422D5002C2747 /* ObjectMapper.framework in Frameworks */ = {isa = PBXBuildFile; fileRef = AC9F52E61BD41AAC00E73627 /* ObjectMapper.framework */; };
		AC6540571BD422D5002C2747 /* ObjectMapper.framework in Embed Frameworks */ = {isa = PBXBuildFile; fileRef = AC9F52E61BD41AAC00E73627 /* ObjectMapper.framework */; settings = {ATTRIBUTES = (CodeSignOnCopy, RemoveHeadersOnCopy, ); }; };
		AC6540581BD422D5002C2747 /* AlamofireObjectMapper.framework in Frameworks */ = {isa = PBXBuildFile; fileRef = AC9F52E41BD41AA700E73627 /* AlamofireObjectMapper.framework */; };
		AC6540591BD422D5002C2747 /* AlamofireObjectMapper.framework in Embed Frameworks */ = {isa = PBXBuildFile; fileRef = AC9F52E41BD41AA700E73627 /* AlamofireObjectMapper.framework */; settings = {ATTRIBUTES = (CodeSignOnCopy, RemoveHeadersOnCopy, ); }; };
		AC65405A1BD422D5002C2747 /* Alamofire.framework in Frameworks */ = {isa = PBXBuildFile; fileRef = AC9F52E21BD41AA400E73627 /* Alamofire.framework */; };
		AC65405B1BD422D5002C2747 /* Alamofire.framework in Embed Frameworks */ = {isa = PBXBuildFile; fileRef = AC9F52E21BD41AA400E73627 /* Alamofire.framework */; settings = {ATTRIBUTES = (CodeSignOnCopy, RemoveHeadersOnCopy, ); }; };
		AC65405D1BD4E7F7002C2747 /* Spinner.swift in Sources */ = {isa = PBXBuildFile; fileRef = AC65405C1BD4E7F7002C2747 /* Spinner.swift */; settings = {ASSET_TAGS = (); }; };
		AC6540601BD5164E002C2747 /* User.swift in Sources */ = {isa = PBXBuildFile; fileRef = AC65405F1BD5164E002C2747 /* User.swift */; settings = {ASSET_TAGS = (); }; };
		AC6FCC051B4DAA7700837119 /* Futura-Extended.ttf in Resources */ = {isa = PBXBuildFile; fileRef = AC84B18C1B4C4F200030B0ED /* Futura-Extended.ttf */; };
		AC84B15D1B4C357E0030B0ED /* AppDelegate.swift in Sources */ = {isa = PBXBuildFile; fileRef = AC84B15C1B4C357E0030B0ED /* AppDelegate.swift */; };
		AC84B1611B4C357E0030B0ED /* ProfileViewController.swift in Sources */ = {isa = PBXBuildFile; fileRef = AC84B1601B4C357E0030B0ED /* ProfileViewController.swift */; };
		AC84B1641B4C357E0030B0ED /* Main.storyboard in Resources */ = {isa = PBXBuildFile; fileRef = AC84B1621B4C357E0030B0ED /* Main.storyboard */; };
		AC84B1661B4C357E0030B0ED /* Images.xcassets in Resources */ = {isa = PBXBuildFile; fileRef = AC84B1651B4C357E0030B0ED /* Images.xcassets */; };
		AC84B1691B4C357E0030B0ED /* LaunchScreen.xib in Resources */ = {isa = PBXBuildFile; fileRef = AC84B1671B4C357E0030B0ED /* LaunchScreen.xib */; };
		AC84B1751B4C357E0030B0ED /* PengTests.swift in Sources */ = {isa = PBXBuildFile; fileRef = AC84B1741B4C357E0030B0ED /* PengTests.swift */; };
		AC84B1891B4C4C6D0030B0ED /* RankingViewController.swift in Sources */ = {isa = PBXBuildFile; fileRef = AC84B1881B4C4C6D0030B0ED /* RankingViewController.swift */; };
		AC84B1921B4C56F90030B0ED /* MainViewController.swift in Sources */ = {isa = PBXBuildFile; fileRef = AC84B1911B4C56F90030B0ED /* MainViewController.swift */; };
		AC9B42661BCEEEBA007B73AA /* SettingsViewController.swift in Sources */ = {isa = PBXBuildFile; fileRef = AC9B42651BCEEEBA007B73AA /* SettingsViewController.swift */; settings = {ASSET_TAGS = (); }; };
		AC9F52E91BD41B5000E73627 /* API.swift in Sources */ = {isa = PBXBuildFile; fileRef = AC9F52E81BD41B5000E73627 /* API.swift */; settings = {ASSET_TAGS = (); }; };
		ACAB65541BD51BA200DAD1E5 /* CurrentUser.swift in Sources */ = {isa = PBXBuildFile; fileRef = ACAB65531BD51BA200DAD1E5 /* CurrentUser.swift */; settings = {ASSET_TAGS = (); }; };
		ACC2F61A1BCE664F004BB101 /* FBSDKCoreKit.framework in Frameworks */ = {isa = PBXBuildFile; fileRef = ACC2F6181BCE664F004BB101 /* FBSDKCoreKit.framework */; settings = {ASSET_TAGS = (); }; };
		ACC2F61B1BCE664F004BB101 /* FBSDKLoginKit.framework in Frameworks */ = {isa = PBXBuildFile; fileRef = ACC2F6191BCE664F004BB101 /* FBSDKLoginKit.framework */; settings = {ASSET_TAGS = (); }; };
		ACC2F61D1BCE682D004BB101 /* LoginViewController.swift in Sources */ = {isa = PBXBuildFile; fileRef = ACC2F61C1BCE682D004BB101 /* LoginViewController.swift */; settings = {ASSET_TAGS = (); }; };
/* End PBXBuildFile section */

/* Begin PBXContainerItemProxy section */
		AC84B16F1B4C357E0030B0ED /* PBXContainerItemProxy */ = {
			isa = PBXContainerItemProxy;
			containerPortal = AC84B14F1B4C357E0030B0ED /* Project object */;
			proxyType = 1;
			remoteGlobalIDString = AC84B1561B4C357E0030B0ED;
			remoteInfo = Peng;
		};
/* End PBXContainerItemProxy section */

/* Begin PBXCopyFilesBuildPhase section */
		AC6368391BB46907002ED083 /* Embed Frameworks */ = {
			isa = PBXCopyFilesBuildPhase;
			buildActionMask = 2147483647;
			dstPath = "";
			dstSubfolderSpec = 10;
			files = (
				AC6540571BD422D5002C2747 /* ObjectMapper.framework in Embed Frameworks */,
				AC4FF5C91BD6618600695EE0 /* Bond.framework in Embed Frameworks */,
				AC65405B1BD422D5002C2747 /* Alamofire.framework in Embed Frameworks */,
				AC6540591BD422D5002C2747 /* AlamofireObjectMapper.framework in Embed Frameworks */,
			);
			name = "Embed Frameworks";
			runOnlyForDeploymentPostprocessing = 0;
		};
/* End PBXCopyFilesBuildPhase section */

/* Begin PBXFileReference section */
		AC4FF5C71BD6618600695EE0 /* Bond.framework */ = {isa = PBXFileReference; lastKnownFileType = wrapper.framework; name = Bond.framework; path = Carthage/Build/iOS/Bond.framework; sourceTree = "<group>"; };
		AC6363B81BD67147007206E4 /* CharacterChangeItemController.swift */ = {isa = PBXFileReference; fileEncoding = 4; lastKnownFileType = sourcecode.swift; name = CharacterChangeItemController.swift; path = CharacterChange/CharacterChangeItemController.swift; sourceTree = "<group>"; };
		AC6363BB1BD6740F007206E4 /* CharacterChangeViewController.swift */ = {isa = PBXFileReference; fileEncoding = 4; lastKnownFileType = sourcecode.swift; name = CharacterChangeViewController.swift; path = CharacterChange/CharacterChangeViewController.swift; sourceTree = "<group>"; };
		AC63686D1BB47B89002ED083 /* HeadlineView.swift */ = {isa = PBXFileReference; fileEncoding = 4; lastKnownFileType = sourcecode.swift; path = HeadlineView.swift; sourceTree = "<group>"; };
		AC63686E1BB47B89002ED083 /* HeadlineView.xib */ = {isa = PBXFileReference; fileEncoding = 4; lastKnownFileType = file.xib; path = HeadlineView.xib; sourceTree = "<group>"; };
		AC65405C1BD4E7F7002C2747 /* Spinner.swift */ = {isa = PBXFileReference; fileEncoding = 4; lastKnownFileType = sourcecode.swift; path = Spinner.swift; sourceTree = "<group>"; };
		AC65405F1BD5164E002C2747 /* User.swift */ = {isa = PBXFileReference; fileEncoding = 4; lastKnownFileType = sourcecode.swift; name = User.swift; path = Models/User.swift; sourceTree = "<group>"; };
		AC84B1571B4C357E0030B0ED /* Peng.app */ = {isa = PBXFileReference; explicitFileType = wrapper.application; includeInIndex = 0; path = Peng.app; sourceTree = BUILT_PRODUCTS_DIR; };
		AC84B15B1B4C357E0030B0ED /* Info.plist */ = {isa = PBXFileReference; lastKnownFileType = text.plist.xml; path = Info.plist; sourceTree = "<group>"; };
		AC84B15C1B4C357E0030B0ED /* AppDelegate.swift */ = {isa = PBXFileReference; lastKnownFileType = sourcecode.swift; path = AppDelegate.swift; sourceTree = "<group>"; };
		AC84B1601B4C357E0030B0ED /* ProfileViewController.swift */ = {isa = PBXFileReference; lastKnownFileType = sourcecode.swift; path = ProfileViewController.swift; sourceTree = "<group>"; };
		AC84B1631B4C357E0030B0ED /* Base */ = {isa = PBXFileReference; lastKnownFileType = file.storyboard; name = Base; path = Base.lproj/Main.storyboard; sourceTree = "<group>"; };
		AC84B1651B4C357E0030B0ED /* Images.xcassets */ = {isa = PBXFileReference; lastKnownFileType = folder.assetcatalog; path = Images.xcassets; sourceTree = "<group>"; };
		AC84B1681B4C357E0030B0ED /* Base */ = {isa = PBXFileReference; lastKnownFileType = file.xib; name = Base; path = Base.lproj/LaunchScreen.xib; sourceTree = "<group>"; };
		AC84B16E1B4C357E0030B0ED /* PengTests.xctest */ = {isa = PBXFileReference; explicitFileType = wrapper.cfbundle; includeInIndex = 0; path = PengTests.xctest; sourceTree = BUILT_PRODUCTS_DIR; };
		AC84B1731B4C357E0030B0ED /* Info.plist */ = {isa = PBXFileReference; lastKnownFileType = text.plist.xml; path = Info.plist; sourceTree = "<group>"; };
		AC84B1741B4C357E0030B0ED /* PengTests.swift */ = {isa = PBXFileReference; lastKnownFileType = sourcecode.swift; path = PengTests.swift; sourceTree = "<group>"; };
		AC84B1881B4C4C6D0030B0ED /* RankingViewController.swift */ = {isa = PBXFileReference; fileEncoding = 4; lastKnownFileType = sourcecode.swift; path = RankingViewController.swift; sourceTree = "<group>"; };
		AC84B18C1B4C4F200030B0ED /* Futura-Extended.ttf */ = {isa = PBXFileReference; lastKnownFileType = file; path = "Futura-Extended.ttf"; sourceTree = "<group>"; };
		AC84B1911B4C56F90030B0ED /* MainViewController.swift */ = {isa = PBXFileReference; fileEncoding = 4; lastKnownFileType = sourcecode.swift; path = MainViewController.swift; sourceTree = "<group>"; };
		AC9B42651BCEEEBA007B73AA /* SettingsViewController.swift */ = {isa = PBXFileReference; fileEncoding = 4; lastKnownFileType = sourcecode.swift; name = SettingsViewController.swift; path = Features/Settings/SettingsViewController.swift; sourceTree = "<group>"; };
		AC9F52E21BD41AA400E73627 /* Alamofire.framework */ = {isa = PBXFileReference; lastKnownFileType = wrapper.framework; name = Alamofire.framework; path = Carthage/Build/iOS/Alamofire.framework; sourceTree = "<group>"; };
		AC9F52E41BD41AA700E73627 /* AlamofireObjectMapper.framework */ = {isa = PBXFileReference; lastKnownFileType = wrapper.framework; name = AlamofireObjectMapper.framework; path = Carthage/Build/iOS/AlamofireObjectMapper.framework; sourceTree = "<group>"; };
		AC9F52E61BD41AAC00E73627 /* ObjectMapper.framework */ = {isa = PBXFileReference; lastKnownFileType = wrapper.framework; name = ObjectMapper.framework; path = Carthage/Build/iOS/ObjectMapper.framework; sourceTree = "<group>"; };
		AC9F52E81BD41B5000E73627 /* API.swift */ = {isa = PBXFileReference; fileEncoding = 4; lastKnownFileType = sourcecode.swift; path = API.swift; sourceTree = "<group>"; };
		ACAB65531BD51BA200DAD1E5 /* CurrentUser.swift */ = {isa = PBXFileReference; fileEncoding = 4; lastKnownFileType = sourcecode.swift; path = CurrentUser.swift; sourceTree = "<group>"; };
		ACC2F6181BCE664F004BB101 /* FBSDKCoreKit.framework */ = {isa = PBXFileReference; lastKnownFileType = wrapper.framework; path = FBSDKCoreKit.framework; sourceTree = "<group>"; };
		ACC2F6191BCE664F004BB101 /* FBSDKLoginKit.framework */ = {isa = PBXFileReference; lastKnownFileType = wrapper.framework; path = FBSDKLoginKit.framework; sourceTree = "<group>"; };
		ACC2F61C1BCE682D004BB101 /* LoginViewController.swift */ = {isa = PBXFileReference; fileEncoding = 4; lastKnownFileType = sourcecode.swift; name = LoginViewController.swift; path = Features/Login/LoginViewController.swift; sourceTree = "<group>"; };
/* End PBXFileReference section */

/* Begin PBXFrameworksBuildPhase section */
		AC84B1541B4C357E0030B0ED /* Frameworks */ = {
			isa = PBXFrameworksBuildPhase;
			buildActionMask = 2147483647;
			files = (
				AC6540561BD422D5002C2747 /* ObjectMapper.framework in Frameworks */,
				ACC2F61B1BCE664F004BB101 /* FBSDKLoginKit.framework in Frameworks */,
				ACC2F61A1BCE664F004BB101 /* FBSDKCoreKit.framework in Frameworks */,
				AC4FF5C81BD6618600695EE0 /* Bond.framework in Frameworks */,
				AC65405A1BD422D5002C2747 /* Alamofire.framework in Frameworks */,
				AC6540581BD422D5002C2747 /* AlamofireObjectMapper.framework in Frameworks */,
			);
			runOnlyForDeploymentPostprocessing = 0;
		};
		AC84B16B1B4C357E0030B0ED /* Frameworks */ = {
			isa = PBXFrameworksBuildPhase;
			buildActionMask = 2147483647;
			files = (
			);
			runOnlyForDeploymentPostprocessing = 0;
		};
/* End PBXFrameworksBuildPhase section */

/* Begin PBXGroup section */
		AC6363BA1BD67152007206E4 /* CharacterChange */ = {
			isa = PBXGroup;
			children = (
				AC6363B81BD67147007206E4 /* CharacterChangeItemController.swift */,
				AC6363BB1BD6740F007206E4 /* CharacterChangeViewController.swift */,
			);
			name = CharacterChange;
			sourceTree = "<group>";
		};
		AC63686C1BB47B89002ED083 /* SharedViews */ = {
			isa = PBXGroup;
			children = (
				AC63686D1BB47B89002ED083 /* HeadlineView.swift */,
				AC63686E1BB47B89002ED083 /* HeadlineView.xib */,
			);
			name = SharedViews;
			path = Features/SharedViews;
			sourceTree = "<group>";
		};
		AC65405E1BD5163D002C2747 /* Models */ = {
			isa = PBXGroup;
			children = (
				AC65405F1BD5164E002C2747 /* User.swift */,
			);
			name = Models;
			sourceTree = "<group>";
		};
		AC84B14E1B4C357E0030B0ED = {
			isa = PBXGroup;
			children = (
				AC4FF5C71BD6618600695EE0 /* Bond.framework */,
				AC9F52E61BD41AAC00E73627 /* ObjectMapper.framework */,
				AC9F52E41BD41AA700E73627 /* AlamofireObjectMapper.framework */,
				AC9F52E21BD41AA400E73627 /* Alamofire.framework */,
				ACC2F6181BCE664F004BB101 /* FBSDKCoreKit.framework */,
				ACC2F6191BCE664F004BB101 /* FBSDKLoginKit.framework */,
				AC84B1591B4C357E0030B0ED /* Peng */,
				AC84B1711B4C357E0030B0ED /* PengTests */,
				AC84B1581B4C357E0030B0ED /* Products */,
			);
			sourceTree = "<group>";
		};
		AC84B1581B4C357E0030B0ED /* Products */ = {
			isa = PBXGroup;
			children = (
				AC84B1571B4C357E0030B0ED /* Peng.app */,
				AC84B16E1B4C357E0030B0ED /* PengTests.xctest */,
			);
			name = Products;
			sourceTree = "<group>";
		};
		AC84B1591B4C357E0030B0ED /* Peng */ = {
			isa = PBXGroup;
			children = (
				AC65405E1BD5163D002C2747 /* Models */,
				AC84B18A1B4C4ED20030B0ED /* Assets */,
				AC84B1831B4C43CF0030B0ED /* Features */,
				AC84B15C1B4C357E0030B0ED /* AppDelegate.swift */,
				AC84B1621B4C357E0030B0ED /* Main.storyboard */,
				AC84B1651B4C357E0030B0ED /* Images.xcassets */,
				AC84B1671B4C357E0030B0ED /* LaunchScreen.xib */,
				AC84B15A1B4C357E0030B0ED /* Supporting Files */,
				AC9F52E81BD41B5000E73627 /* API.swift */,
				AC65405C1BD4E7F7002C2747 /* Spinner.swift */,
				ACAB65531BD51BA200DAD1E5 /* CurrentUser.swift */,
			);
			path = Peng;
			sourceTree = "<group>";
		};
		AC84B15A1B4C357E0030B0ED /* Supporting Files */ = {
			isa = PBXGroup;
			children = (
				AC84B15B1B4C357E0030B0ED /* Info.plist */,
			);
			name = "Supporting Files";
			sourceTree = "<group>";
		};
		AC84B1711B4C357E0030B0ED /* PengTests */ = {
			isa = PBXGroup;
			children = (
				AC84B1741B4C357E0030B0ED /* PengTests.swift */,
				AC84B1721B4C357E0030B0ED /* Supporting Files */,
			);
			path = PengTests;
			sourceTree = "<group>";
		};
		AC84B1721B4C357E0030B0ED /* Supporting Files */ = {
			isa = PBXGroup;
			children = (
				AC84B1731B4C357E0030B0ED /* Info.plist */,
			);
			name = "Supporting Files";
			sourceTree = "<group>";
		};
		AC84B1831B4C43CF0030B0ED /* Features */ = {
			isa = PBXGroup;
			children = (
				ACC2F61E1BCE6833004BB101 /* Login */,
				AC63686C1BB47B89002ED083 /* SharedViews */,
				AC84B1871B4C4BB90030B0ED /* Ranking */,
				AC84B1861B4C43F10030B0ED /* Profile */,
				AC84B1851B4C43E50030B0ED /* Settings */,
				AC84B1841B4C43DB0030B0ED /* Main */,
				AC6363BA1BD67152007206E4 /* CharacterChange */,
			);
			name = Features;
			sourceTree = "<group>";
		};
		AC84B1841B4C43DB0030B0ED /* Main */ = {
			isa = PBXGroup;
			children = (
				AC84B1911B4C56F90030B0ED /* MainViewController.swift */,
			);
			name = Main;
			path = Features/Main;
			sourceTree = "<group>";
		};
		AC84B1851B4C43E50030B0ED /* Settings */ = {
			isa = PBXGroup;
			children = (
				AC9B42651BCEEEBA007B73AA /* SettingsViewController.swift */,
			);
			name = Settings;
			sourceTree = "<group>";
		};
		AC84B1861B4C43F10030B0ED /* Profile */ = {
			isa = PBXGroup;
			children = (
				AC84B1601B4C357E0030B0ED /* ProfileViewController.swift */,
			);
			name = Profile;
			path = Features/Profile;
			sourceTree = "<group>";
		};
		AC84B1871B4C4BB90030B0ED /* Ranking */ = {
			isa = PBXGroup;
			children = (
				AC84B1881B4C4C6D0030B0ED /* RankingViewController.swift */,
			);
			name = Ranking;
			path = Features/Ranking;
			sourceTree = "<group>";
		};
		AC84B18A1B4C4ED20030B0ED /* Assets */ = {
			isa = PBXGroup;
			children = (
				AC84B18B1B4C4ED60030B0ED /* Fonts */,
			);
			name = Assets;
			sourceTree = "<group>";
		};
		AC84B18B1B4C4ED60030B0ED /* Fonts */ = {
			isa = PBXGroup;
			children = (
				AC84B18C1B4C4F200030B0ED /* Futura-Extended.ttf */,
			);
			name = Fonts;
			path = Assets/Fonts;
			sourceTree = "<group>";
		};
		ACC2F61E1BCE6833004BB101 /* Login */ = {
			isa = PBXGroup;
			children = (
				ACC2F61C1BCE682D004BB101 /* LoginViewController.swift */,
			);
			name = Login;
			sourceTree = "<group>";
		};
/* End PBXGroup section */

/* Begin PBXNativeTarget section */
		AC84B1561B4C357E0030B0ED /* Peng */ = {
			isa = PBXNativeTarget;
			buildConfigurationList = AC84B1781B4C357E0030B0ED /* Build configuration list for PBXNativeTarget "Peng" */;
			buildPhases = (
				AC84B1531B4C357E0030B0ED /* Sources */,
				AC84B1541B4C357E0030B0ED /* Frameworks */,
				AC84B1551B4C357E0030B0ED /* Resources */,
				AC6368391BB46907002ED083 /* Embed Frameworks */,
			);
			buildRules = (
			);
			dependencies = (
			);
			name = Peng;
			productName = Peng;
			productReference = AC84B1571B4C357E0030B0ED /* Peng.app */;
			productType = "com.apple.product-type.application";
		};
		AC84B16D1B4C357E0030B0ED /* PengTests */ = {
			isa = PBXNativeTarget;
			buildConfigurationList = AC84B17B1B4C357E0030B0ED /* Build configuration list for PBXNativeTarget "PengTests" */;
			buildPhases = (
				AC84B16A1B4C357E0030B0ED /* Sources */,
				AC84B16B1B4C357E0030B0ED /* Frameworks */,
				AC84B16C1B4C357E0030B0ED /* Resources */,
			);
			buildRules = (
			);
			dependencies = (
				AC84B1701B4C357E0030B0ED /* PBXTargetDependency */,
			);
			name = PengTests;
			productName = PengTests;
			productReference = AC84B16E1B4C357E0030B0ED /* PengTests.xctest */;
			productType = "com.apple.product-type.bundle.unit-test";
		};
/* End PBXNativeTarget section */

/* Begin PBXProject section */
		AC84B14F1B4C357E0030B0ED /* Project object */ = {
			isa = PBXProject;
			attributes = {
				LastSwiftMigration = 0700;
				LastSwiftUpdateCheck = 0700;
				LastUpgradeCheck = 0630;
				ORGANIZATIONNAME = "Yannick Schuchmann";
				TargetAttributes = {
					AC84B1561B4C357E0030B0ED = {
						CreatedOnToolsVersion = 6.3.2;
						DevelopmentTeam = LW792A9U55;
					};
					AC84B16D1B4C357E0030B0ED = {
						CreatedOnToolsVersion = 6.3.2;
						TestTargetID = AC84B1561B4C357E0030B0ED;
					};
				};
			};
			buildConfigurationList = AC84B1521B4C357E0030B0ED /* Build configuration list for PBXProject "Peng" */;
			compatibilityVersion = "Xcode 3.2";
			developmentRegion = English;
			hasScannedForEncodings = 0;
			knownRegions = (
				en,
				Base,
			);
			mainGroup = AC84B14E1B4C357E0030B0ED;
			productRefGroup = AC84B1581B4C357E0030B0ED /* Products */;
			projectDirPath = "";
			projectRoot = "";
			targets = (
				AC84B1561B4C357E0030B0ED /* Peng */,
				AC84B16D1B4C357E0030B0ED /* PengTests */,
			);
		};
/* End PBXProject section */

/* Begin PBXResourcesBuildPhase section */
		AC84B1551B4C357E0030B0ED /* Resources */ = {
			isa = PBXResourcesBuildPhase;
			buildActionMask = 2147483647;
			files = (
				AC6FCC051B4DAA7700837119 /* Futura-Extended.ttf in Resources */,
				AC84B1641B4C357E0030B0ED /* Main.storyboard in Resources */,
				AC84B1691B4C357E0030B0ED /* LaunchScreen.xib in Resources */,
				AC6368701BB47B89002ED083 /* HeadlineView.xib in Resources */,
				AC84B1661B4C357E0030B0ED /* Images.xcassets in Resources */,
			);
			runOnlyForDeploymentPostprocessing = 0;
		};
		AC84B16C1B4C357E0030B0ED /* Resources */ = {
			isa = PBXResourcesBuildPhase;
			buildActionMask = 2147483647;
			files = (
			);
			runOnlyForDeploymentPostprocessing = 0;
		};
/* End PBXResourcesBuildPhase section */

/* Begin PBXSourcesBuildPhase section */
		AC84B1531B4C357E0030B0ED /* Sources */ = {
			isa = PBXSourcesBuildPhase;
			buildActionMask = 2147483647;
			files = (
				ACC2F61D1BCE682D004BB101 /* LoginViewController.swift in Sources */,
				AC65405D1BD4E7F7002C2747 /* Spinner.swift in Sources */,
				ACAB65541BD51BA200DAD1E5 /* CurrentUser.swift in Sources */,
				AC84B1611B4C357E0030B0ED /* ProfileViewController.swift in Sources */,
				AC6363BC1BD6740F007206E4 /* CharacterChangeViewController.swift in Sources */,
				AC9B42661BCEEEBA007B73AA /* SettingsViewController.swift in Sources */,
				AC84B15D1B4C357E0030B0ED /* AppDelegate.swift in Sources */,
				AC84B1891B4C4C6D0030B0ED /* RankingViewController.swift in Sources */,
				AC9F52E91BD41B5000E73627 /* API.swift in Sources */,
				AC63686F1BB47B89002ED083 /* HeadlineView.swift in Sources */,
				AC6363B91BD67147007206E4 /* CharacterChangeItemController.swift in Sources */,
				AC6540601BD5164E002C2747 /* User.swift in Sources */,
				AC84B1921B4C56F90030B0ED /* MainViewController.swift in Sources */,
			);
			runOnlyForDeploymentPostprocessing = 0;
		};
		AC84B16A1B4C357E0030B0ED /* Sources */ = {
			isa = PBXSourcesBuildPhase;
			buildActionMask = 2147483647;
			files = (
				AC84B1751B4C357E0030B0ED /* PengTests.swift in Sources */,
			);
			runOnlyForDeploymentPostprocessing = 0;
		};
/* End PBXSourcesBuildPhase section */

/* Begin PBXTargetDependency section */
		AC84B1701B4C357E0030B0ED /* PBXTargetDependency */ = {
			isa = PBXTargetDependency;
			target = AC84B1561B4C357E0030B0ED /* Peng */;
			targetProxy = AC84B16F1B4C357E0030B0ED /* PBXContainerItemProxy */;
		};
/* End PBXTargetDependency section */

/* Begin PBXVariantGroup section */
		AC84B1621B4C357E0030B0ED /* Main.storyboard */ = {
			isa = PBXVariantGroup;
			children = (
				AC84B1631B4C357E0030B0ED /* Base */,
			);
			name = Main.storyboard;
			sourceTree = "<group>";
		};
		AC84B1671B4C357E0030B0ED /* LaunchScreen.xib */ = {
			isa = PBXVariantGroup;
			children = (
				AC84B1681B4C357E0030B0ED /* Base */,
			);
			name = LaunchScreen.xib;
			sourceTree = "<group>";
		};
/* End PBXVariantGroup section */

/* Begin XCBuildConfiguration section */
		AC84B1761B4C357E0030B0ED /* Debug */ = {
			isa = XCBuildConfiguration;
			buildSettings = {
				ALWAYS_SEARCH_USER_PATHS = NO;
				CLANG_CXX_LANGUAGE_STANDARD = "gnu++0x";
				CLANG_CXX_LIBRARY = "libc++";
				CLANG_ENABLE_MODULES = YES;
				CLANG_ENABLE_OBJC_ARC = YES;
				CLANG_WARN_BOOL_CONVERSION = YES;
				CLANG_WARN_CONSTANT_CONVERSION = YES;
				CLANG_WARN_DIRECT_OBJC_ISA_USAGE = YES_ERROR;
				CLANG_WARN_EMPTY_BODY = YES;
				CLANG_WARN_ENUM_CONVERSION = YES;
				CLANG_WARN_INT_CONVERSION = YES;
				CLANG_WARN_OBJC_ROOT_CLASS = YES_ERROR;
				CLANG_WARN_UNREACHABLE_CODE = YES;
				CLANG_WARN__DUPLICATE_METHOD_MATCH = YES;
				"CODE_SIGN_IDENTITY[sdk=iphoneos*]" = "iPhone Developer";
				COPY_PHASE_STRIP = NO;
				DEBUG_INFORMATION_FORMAT = "dwarf-with-dsym";
				ENABLE_STRICT_OBJC_MSGSEND = YES;
				GCC_C_LANGUAGE_STANDARD = gnu99;
				GCC_DYNAMIC_NO_PIC = NO;
				GCC_NO_COMMON_BLOCKS = YES;
				GCC_OPTIMIZATION_LEVEL = 0;
				GCC_PREPROCESSOR_DEFINITIONS = (
					"DEBUG=1",
					"$(inherited)",
				);
				GCC_SYMBOLS_PRIVATE_EXTERN = NO;
				GCC_WARN_64_TO_32_BIT_CONVERSION = YES;
				GCC_WARN_ABOUT_RETURN_TYPE = YES_ERROR;
				GCC_WARN_UNDECLARED_SELECTOR = YES;
				GCC_WARN_UNINITIALIZED_AUTOS = YES_AGGRESSIVE;
				GCC_WARN_UNUSED_FUNCTION = YES;
				GCC_WARN_UNUSED_VARIABLE = YES;
				IPHONEOS_DEPLOYMENT_TARGET = 8.3;
				MTL_ENABLE_DEBUG_INFO = YES;
				ONLY_ACTIVE_ARCH = YES;
				SDKROOT = iphoneos;
				SWIFT_OPTIMIZATION_LEVEL = "-Onone";
			};
			name = Debug;
		};
		AC84B1771B4C357E0030B0ED /* Release */ = {
			isa = XCBuildConfiguration;
			buildSettings = {
				ALWAYS_SEARCH_USER_PATHS = NO;
				CLANG_CXX_LANGUAGE_STANDARD = "gnu++0x";
				CLANG_CXX_LIBRARY = "libc++";
				CLANG_ENABLE_MODULES = YES;
				CLANG_ENABLE_OBJC_ARC = YES;
				CLANG_WARN_BOOL_CONVERSION = YES;
				CLANG_WARN_CONSTANT_CONVERSION = YES;
				CLANG_WARN_DIRECT_OBJC_ISA_USAGE = YES_ERROR;
				CLANG_WARN_EMPTY_BODY = YES;
				CLANG_WARN_ENUM_CONVERSION = YES;
				CLANG_WARN_INT_CONVERSION = YES;
				CLANG_WARN_OBJC_ROOT_CLASS = YES_ERROR;
				CLANG_WARN_UNREACHABLE_CODE = YES;
				CLANG_WARN__DUPLICATE_METHOD_MATCH = YES;
				"CODE_SIGN_IDENTITY[sdk=iphoneos*]" = "iPhone Developer";
				COPY_PHASE_STRIP = NO;
				DEBUG_INFORMATION_FORMAT = "dwarf-with-dsym";
				ENABLE_NS_ASSERTIONS = NO;
				ENABLE_STRICT_OBJC_MSGSEND = YES;
				GCC_C_LANGUAGE_STANDARD = gnu99;
				GCC_NO_COMMON_BLOCKS = YES;
				GCC_WARN_64_TO_32_BIT_CONVERSION = YES;
				GCC_WARN_ABOUT_RETURN_TYPE = YES_ERROR;
				GCC_WARN_UNDECLARED_SELECTOR = YES;
				GCC_WARN_UNINITIALIZED_AUTOS = YES_AGGRESSIVE;
				GCC_WARN_UNUSED_FUNCTION = YES;
				GCC_WARN_UNUSED_VARIABLE = YES;
				IPHONEOS_DEPLOYMENT_TARGET = 8.3;
				MTL_ENABLE_DEBUG_INFO = NO;
				SDKROOT = iphoneos;
				VALIDATE_PRODUCT = YES;
			};
			name = Release;
		};
		AC84B1791B4C357E0030B0ED /* Debug */ = {
			isa = XCBuildConfiguration;
			buildSettings = {
				ASSETCATALOG_COMPILER_APPICON_NAME = AppIcon;
				CLANG_ALLOW_NON_MODULAR_INCLUDES_IN_FRAMEWORK_MODULES = YES;
				CODE_SIGN_IDENTITY = "iPhone Developer";
				"CODE_SIGN_IDENTITY[sdk=iphoneos*]" = "iPhone Developer";
				FRAMEWORK_SEARCH_PATHS = (
					"$(PROJECT_DIR)",
					"$(PROJECT_DIR)/Carthage/Build/iOS",
				);
				INFOPLIST_FILE = Peng/Info.plist;
				IPHONEOS_DEPLOYMENT_TARGET = 8.0;
				LD_RUNPATH_SEARCH_PATHS = "$(inherited) @executable_path/Frameworks";
				PRODUCT_NAME = "$(TARGET_NAME)";
				PROVISIONING_PROFILE = "";
			};
			name = Debug;
		};
		AC84B17A1B4C357E0030B0ED /* Release */ = {
			isa = XCBuildConfiguration;
			buildSettings = {
				ASSETCATALOG_COMPILER_APPICON_NAME = AppIcon;
				CLANG_ALLOW_NON_MODULAR_INCLUDES_IN_FRAMEWORK_MODULES = YES;
				CODE_SIGN_IDENTITY = "iPhone Developer";
				"CODE_SIGN_IDENTITY[sdk=iphoneos*]" = "iPhone Developer";
				FRAMEWORK_SEARCH_PATHS = (
					"$(PROJECT_DIR)",
					"$(PROJECT_DIR)/Carthage/Build/iOS",
				);
				INFOPLIST_FILE = Peng/Info.plist;
				IPHONEOS_DEPLOYMENT_TARGET = 8.0;
				LD_RUNPATH_SEARCH_PATHS = "$(inherited) @executable_path/Frameworks";
				PRODUCT_NAME = "$(TARGET_NAME)";
				PROVISIONING_PROFILE = "";
			};
			name = Release;
		};
		AC84B17C1B4C357E0030B0ED /* Debug */ = {
			isa = XCBuildConfiguration;
			buildSettings = {
				BUNDLE_LOADER = "$(TEST_HOST)";
				FRAMEWORK_SEARCH_PATHS = (
					"$(SDKROOT)/Developer/Library/Frameworks",
					"$(inherited)",
				);
				GCC_PREPROCESSOR_DEFINITIONS = (
					"DEBUG=1",
					"$(inherited)",
				);
				INFOPLIST_FILE = PengTests/Info.plist;
				LD_RUNPATH_SEARCH_PATHS = "$(inherited) @executable_path/Frameworks @loader_path/Frameworks";
				PRODUCT_NAME = "$(TARGET_NAME)";
				TEST_HOST = "$(BUILT_PRODUCTS_DIR)/Peng.app/Peng";
			};
			name = Debug;
		};
		AC84B17D1B4C357E0030B0ED /* Release */ = {
			isa = XCBuildConfiguration;
			buildSettings = {
				BUNDLE_LOADER = "$(TEST_HOST)";
				FRAMEWORK_SEARCH_PATHS = (
					"$(SDKROOT)/Developer/Library/Frameworks",
					"$(inherited)",
				);
				INFOPLIST_FILE = PengTests/Info.plist;
				LD_RUNPATH_SEARCH_PATHS = "$(inherited) @executable_path/Frameworks @loader_path/Frameworks";
				PRODUCT_NAME = "$(TARGET_NAME)";
				TEST_HOST = "$(BUILT_PRODUCTS_DIR)/Peng.app/Peng";
			};
			name = Release;
		};
/* End XCBuildConfiguration section */

/* Begin XCConfigurationList section */
		AC84B1521B4C357E0030B0ED /* Build configuration list for PBXProject "Peng" */ = {
			isa = XCConfigurationList;
			buildConfigurations = (
				AC84B1761B4C357E0030B0ED /* Debug */,
				AC84B1771B4C357E0030B0ED /* Release */,
			);
			defaultConfigurationIsVisible = 0;
			defaultConfigurationName = Release;
		};
		AC84B1781B4C357E0030B0ED /* Build configuration list for PBXNativeTarget "Peng" */ = {
			isa = XCConfigurationList;
			buildConfigurations = (
				AC84B1791B4C357E0030B0ED /* Debug */,
				AC84B17A1B4C357E0030B0ED /* Release */,
			);
			defaultConfigurationIsVisible = 0;
			defaultConfigurationName = Release;
		};
		AC84B17B1B4C357E0030B0ED /* Build configuration list for PBXNativeTarget "PengTests" */ = {
			isa = XCConfigurationList;
			buildConfigurations = (
				AC84B17C1B4C357E0030B0ED /* Debug */,
				AC84B17D1B4C357E0030B0ED /* Release */,
			);
			defaultConfigurationIsVisible = 0;
			defaultConfigurationName = Release;
		};
/* End XCConfigurationList section */
	};
	rootObject = AC84B14F1B4C357E0030B0ED /* Project object */;
}
